// !$*UTF8*$!
{
	archiveVersion = 1;
	classes = {
	};
	objectVersion = 46;
	objects = {

/* Begin PBXBuildFile section */
		9D2E316E1DF2C4B400121381 /* MessageTableViewCell.swift in Sources */ = {isa = PBXBuildFile; fileRef = 9D2E316D1DF2C4B400121381 /* MessageTableViewCell.swift */; };
		9D2E31701DF2D1BF00121381 /* InterpreterProfileHeaderView.swift in Sources */ = {isa = PBXBuildFile; fileRef = 9D2E316F1DF2D1BF00121381 /* InterpreterProfileHeaderView.swift */; };
		9D2F62211DE31EBE00418809 /* VideoItem.swift in Sources */ = {isa = PBXBuildFile; fileRef = 9D2F62201DE31EBE00418809 /* VideoItem.swift */; };
		9D2F62271DE3DF7300418809 /* city.jpeg in Resources */ = {isa = PBXBuildFile; fileRef = 9D2F62261DE3DF7300418809 /* city.jpeg */; };
		9D2F62291DE3DF7A00418809 /* sign.png in Resources */ = {isa = PBXBuildFile; fileRef = 9D2F62281DE3DF7A00418809 /* sign.png */; };
		9D2F622B1DE3DFCF00418809 /* LoginViewController.swift in Sources */ = {isa = PBXBuildFile; fileRef = 9D2F622A1DE3DFCF00418809 /* LoginViewController.swift */; };
		9D384BF11DEF027200E32A66 /* SecondSubmissionTableViewCell.swift in Sources */ = {isa = PBXBuildFile; fileRef = 9D384BF01DEF027200E32A66 /* SecondSubmissionTableViewCell.swift */; };
		9D384BF31DEF02A100E32A66 /* ThirdSubmissionTableViewCell.swift in Sources */ = {isa = PBXBuildFile; fileRef = 9D384BF21DEF02A100E32A66 /* ThirdSubmissionTableViewCell.swift */; };
		9D384BF51DEF082600E32A66 /* thumbs-up-256.png in Resources */ = {isa = PBXBuildFile; fileRef = 9D384BF41DEF082600E32A66 /* thumbs-up-256.png */; };
		9D425EDF1DF798F700211499 /* FirstUserContestCell.swift in Sources */ = {isa = PBXBuildFile; fileRef = 9D425EDE1DF798F700211499 /* FirstUserContestCell.swift */; };
		9D425EE11DF7999400211499 /* SecondUserContestCell.swift in Sources */ = {isa = PBXBuildFile; fileRef = 9D425EE01DF7999400211499 /* SecondUserContestCell.swift */; };
		9D425EE31DF799F500211499 /* ThirdUserContestCell.swift in Sources */ = {isa = PBXBuildFile; fileRef = 9D425EE21DF799F500211499 /* ThirdUserContestCell.swift */; };
		9D425EE51DF7A16700211499 /* UserMessagesListTableViewController.swift in Sources */ = {isa = PBXBuildFile; fileRef = 9D425EE41DF7A16700211499 /* UserMessagesListTableViewController.swift */; };
		9D65D7591DF28F4100156AC5 /* MessagesListTableViewController.swift in Sources */ = {isa = PBXBuildFile; fileRef = 9D65D7581DF28F4100156AC5 /* MessagesListTableViewController.swift */; };
		9D65D75B1DF2975000156AC5 /* ChatViewController.swift in Sources */ = {isa = PBXBuildFile; fileRef = 9D65D75A1DF2975000156AC5 /* ChatViewController.swift */; };
		9D66C56D1DF8EBDA004052CA /* VoteViewController.swift in Sources */ = {isa = PBXBuildFile; fileRef = 9D66C56C1DF8EBDA004052CA /* VoteViewController.swift */; };
		9D66C5721DF8F9BB004052CA /* btn_skip_normal@2x.png in Resources */ = {isa = PBXBuildFile; fileRef = 9D66C56F1DF8F9BB004052CA /* btn_skip_normal@2x.png */; };
		9D66C5731DF8F9BB004052CA /* btn_skip_normal@3x.png in Resources */ = {isa = PBXBuildFile; fileRef = 9D66C5701DF8F9BB004052CA /* btn_skip_normal@3x.png */; };
		9D66C5741DF8F9BB004052CA /* Contents.json in Resources */ = {isa = PBXBuildFile; fileRef = 9D66C5711DF8F9BB004052CA /* Contents.json */; };
		9D66C5791DF8F9C6004052CA /* btn_like_normal@2x.png in Resources */ = {isa = PBXBuildFile; fileRef = 9D66C5761DF8F9C6004052CA /* btn_like_normal@2x.png */; };
		9D66C57A1DF8F9C6004052CA /* btn_like_normal@3x.png in Resources */ = {isa = PBXBuildFile; fileRef = 9D66C5771DF8F9C6004052CA /* btn_like_normal@3x.png */; };
		9D66C57D1DF903F0004052CA /* FifthUserContestCell.swift in Sources */ = {isa = PBXBuildFile; fileRef = 9D66C57C1DF903F0004052CA /* FifthUserContestCell.swift */; };
		9D66C5861DF90FD6004052CA /* TalkDirty_libbey_thumbnail.png in Resources */ = {isa = PBXBuildFile; fileRef = 9D66C57E1DF90FD5004052CA /* TalkDirty_libbey_thumbnail.png */; };
		9D66C5871DF90FD6004052CA /* TalkDirty_libbey.mp4 in Resources */ = {isa = PBXBuildFile; fileRef = 9D66C57F1DF90FD5004052CA /* TalkDirty_libbey.mp4 */; };
		9D66C5881DF90FD6004052CA /* RidinSolo_mbart_thumbnail.png in Resources */ = {isa = PBXBuildFile; fileRef = 9D66C5801DF90FD5004052CA /* RidinSolo_mbart_thumbnail.png */; };
		9D66C5891DF90FD6004052CA /* RidinSolo_mbart.mp4 in Resources */ = {isa = PBXBuildFile; fileRef = 9D66C5811DF90FD5004052CA /* RidinSolo_mbart.mp4 */; };
		9D66C58B1DF90FD6004052CA /* TalkDirty_anissa.mp4 in Resources */ = {isa = PBXBuildFile; fileRef = 9D66C5831DF90FD6004052CA /* TalkDirty_anissa.mp4 */; };
		9D66C58C1DF90FD6004052CA /* MarryMe_amber_thumbnail.png in Resources */ = {isa = PBXBuildFile; fileRef = 9D66C5841DF90FD6004052CA /* MarryMe_amber_thumbnail.png */; };
		9D66C58D1DF90FD6004052CA /* MarryMe_amber.mp4 in Resources */ = {isa = PBXBuildFile; fileRef = 9D66C5851DF90FD6004052CA /* MarryMe_amber.mp4 */; };
		9D66C58F1DF91168004052CA /* molly.jpg in Resources */ = {isa = PBXBuildFile; fileRef = 9D66C58E1DF91168004052CA /* molly.jpg */; };
		9D66C5911DF91488004052CA /* AllContestSubmissions.swift in Sources */ = {isa = PBXBuildFile; fileRef = 9D66C5901DF91488004052CA /* AllContestSubmissions.swift */; };
		9D66C5931DF91521004052CA /* ContestHeaderView.swift in Sources */ = {isa = PBXBuildFile; fileRef = 9D66C5921DF91521004052CA /* ContestHeaderView.swift */; };
		9D66C5971DF91905004052CA /* AnnotatedSubmissionCell.swift in Sources */ = {isa = PBXBuildFile; fileRef = 9D66C5961DF91905004052CA /* AnnotatedSubmissionCell.swift */; };
		9D66C5991DF92A8A004052CA /* UserProfileViewController.swift in Sources */ = {isa = PBXBuildFile; fileRef = 9D66C5981DF92A8A004052CA /* UserProfileViewController.swift */; };
		9D66C59B1DF92B1F004052CA /* InterpreterProfileHeaderView2.swift in Sources */ = {isa = PBXBuildFile; fileRef = 9D66C59A1DF92B1F004052CA /* InterpreterProfileHeaderView2.swift */; };
		9D66C59D1DF92BEE004052CA /* AnnotatedPhotoCell2.swift in Sources */ = {isa = PBXBuildFile; fileRef = 9D66C59C1DF92BEE004052CA /* AnnotatedPhotoCell2.swift */; };
		9D7023F91DEEB06B00D06AB5 /* AVFoundation.framework in Frameworks */ = {isa = PBXBuildFile; fileRef = 9D7023F81DEEB06B00D06AB5 /* AVFoundation.framework */; };
		9D7023FB1DEEB07A00D06AB5 /* UIKit.framework in Frameworks */ = {isa = PBXBuildFile; fileRef = 9D7023FA1DEEB07A00D06AB5 /* UIKit.framework */; };
		9D7023FD1DEEF29E00D06AB5 /* UserEventsTableViewController.swift in Sources */ = {isa = PBXBuildFile; fileRef = 9D7023FC1DEEF29E00D06AB5 /* UserEventsTableViewController.swift */; };
		9D7023FF1DEEF4DA00D06AB5 /* UserEventTableViewCell.swift in Sources */ = {isa = PBXBuildFile; fileRef = 9D7023FE1DEEF4DA00D06AB5 /* UserEventTableViewCell.swift */; };
		9D7024011DEEF79900D06AB5 /* UserContestTableViewController.swift in Sources */ = {isa = PBXBuildFile; fileRef = 9D7024001DEEF79900D06AB5 /* UserContestTableViewController.swift */; };
		9D7024051DEEFEB400D06AB5 /* SubmissionTableViewController.swift in Sources */ = {isa = PBXBuildFile; fileRef = 9D7024041DEEFEB400D06AB5 /* SubmissionTableViewController.swift */; };
		9D7024071DEF00F400D06AB5 /* FirstSubmissionTableViewCell.swift in Sources */ = {isa = PBXBuildFile; fileRef = 9D7024061DEF00F400D06AB5 /* FirstSubmissionTableViewCell.swift */; };
		9D80C0741DF2D64500A2450E /* InterpreterProfileViewController.swift in Sources */ = {isa = PBXBuildFile; fileRef = 9D80C0731DF2D64500A2450E /* InterpreterProfileViewController.swift */; };
		9D80C07A1DF2EA4500A2450E /* PhotoStreamViewController.swift in Sources */ = {isa = PBXBuildFile; fileRef = 9D80C0791DF2EA4500A2450E /* PhotoStreamViewController.swift */; };
		9D80C07E1DF2EA5200A2450E /* AnnotatedPhotoCell.swift in Sources */ = {isa = PBXBuildFile; fileRef = 9D80C07B1DF2EA5100A2450E /* AnnotatedPhotoCell.swift */; };
		9D80C0801DF2EA5200A2450E /* Photos.plist in Resources */ = {isa = PBXBuildFile; fileRef = 9D80C07D1DF2EA5200A2450E /* Photos.plist */; };
		9D80C0821DF2EBCA00A2450E /* UIImage+Decompression.swift in Sources */ = {isa = PBXBuildFile; fileRef = 9D80C0811DF2EBCA00A2450E /* UIImage+Decompression.swift */; };
		9D80C0891DF2FD8C00A2450E /* AllSubmissionsCollectionViewController.swift in Sources */ = {isa = PBXBuildFile; fileRef = 9D80C0881DF2FD8C00A2450E /* AllSubmissionsCollectionViewController.swift */; };
		9D80C08B1DF2FFA400A2450E /* AnnotatedVidCell.swift in Sources */ = {isa = PBXBuildFile; fileRef = 9D80C08A1DF2FFA400A2450E /* AnnotatedVidCell.swift */; };
		9DA099701DFA748D00F2CE62 /* tattoosAlbum.jpg in Resources */ = {isa = PBXBuildFile; fileRef = 9DA0996A1DFA748D00F2CE62 /* tattoosAlbum.jpg */; };
		9DA099711DFA748D00F2CE62 /* jasonDeruloAlbum.jpg in Resources */ = {isa = PBXBuildFile; fileRef = 9DA0996B1DFA748D00F2CE62 /* jasonDeruloAlbum.jpg */; };
		9DA099721DFA748D00F2CE62 /* talkDirtyAlbum.png in Resources */ = {isa = PBXBuildFile; fileRef = 9DA0996C1DFA748D00F2CE62 /* talkDirtyAlbum.png */; };
		9DA099731DFA748D00F2CE62 /* jason3.jpg in Resources */ = {isa = PBXBuildFile; fileRef = 9DA0996D1DFA748D00F2CE62 /* jason3.jpg */; };
		9DA099741DFA748D00F2CE62 /* jason2.jpg in Resources */ = {isa = PBXBuildFile; fileRef = 9DA0996E1DFA748D00F2CE62 /* jason2.jpg */; };
		9DA099751DFA748D00F2CE62 /* jason.jpg in Resources */ = {isa = PBXBuildFile; fileRef = 9DA0996F1DFA748D00F2CE62 /* jason.jpg */; };
		9DA0997F1DFA780C00F2CE62 /* SundayCandy_sam.mp4 in Resources */ = {isa = PBXBuildFile; fileRef = 9DA099761DFA780C00F2CE62 /* SundayCandy_sam.mp4 */; };
		9DA099801DFA780C00F2CE62 /* sam.png in Resources */ = {isa = PBXBuildFile; fileRef = 9DA099771DFA780C00F2CE62 /* sam.png */; };
		9DA099811DFA780C00F2CE62 /* SundayCandy_sam_thumbnail.png in Resources */ = {isa = PBXBuildFile; fileRef = 9DA099781DFA780C00F2CE62 /* SundayCandy_sam_thumbnail.png */; };
		9DA099821DFA780C00F2CE62 /* kass.jpg in Resources */ = {isa = PBXBuildFile; fileRef = 9DA099791DFA780C00F2CE62 /* kass.jpg */; };
		9DA099831DFA780C00F2CE62 /* CocoaButterKisses_kass_thumbnail.png in Resources */ = {isa = PBXBuildFile; fileRef = 9DA0997A1DFA780C00F2CE62 /* CocoaButterKisses_kass_thumbnail.png */; };
		9DA099841DFA780C00F2CE62 /* SundayCandy_max_thumbnail.png in Resources */ = {isa = PBXBuildFile; fileRef = 9DA0997B1DFA780C00F2CE62 /* SundayCandy_max_thumbnail.png */; };
		9DA099851DFA780C00F2CE62 /* max.png in Resources */ = {isa = PBXBuildFile; fileRef = 9DA0997C1DFA780C00F2CE62 /* max.png */; };
		9DA099861DFA780C00F2CE62 /* CocoaButterKisses_kass.mp4 in Resources */ = {isa = PBXBuildFile; fileRef = 9DA0997D1DFA780C00F2CE62 /* CocoaButterKisses_kass.mp4 */; };
		9DA099871DFA780C00F2CE62 /* SundayCandy_max.mp4 in Resources */ = {isa = PBXBuildFile; fileRef = 9DA0997E1DFA780C00F2CE62 /* SundayCandy_max.mp4 */; };
		9DA0998E1DFA79D700F2CE62 /* jason7.jpg in Resources */ = {isa = PBXBuildFile; fileRef = 9DA0998A1DFA79D700F2CE62 /* jason7.jpg */; };
		9DA0998F1DFA79D700F2CE62 /* jason6.jpg in Resources */ = {isa = PBXBuildFile; fileRef = 9DA0998B1DFA79D700F2CE62 /* jason6.jpg */; };
		9DA099901DFA79D700F2CE62 /* jason5.jpg in Resources */ = {isa = PBXBuildFile; fileRef = 9DA0998C1DFA79D700F2CE62 /* jason5.jpg */; };
		9DA099911DFA79D700F2CE62 /* jason4.jpg in Resources */ = {isa = PBXBuildFile; fileRef = 9DA0998D1DFA79D700F2CE62 /* jason4.jpg */; };
		9DA099941DFA7A5200F2CE62 /* acidRapAlbum.jpg in Resources */ = {isa = PBXBuildFile; fileRef = 9DA099921DFA7A5200F2CE62 /* acidRapAlbum.jpg */; };
		9DA099951DFA7A5200F2CE62 /* surfAlbum.jpg in Resources */ = {isa = PBXBuildFile; fileRef = 9DA099931DFA7A5200F2CE62 /* surfAlbum.jpg */; };
		9DA099A41DFA80FA00F2CE62 /* BeautyBehindtheMadnessAlbum.png in Resources */ = {isa = PBXBuildFile; fileRef = 9DA099961DFA80FA00F2CE62 /* BeautyBehindtheMadnessAlbum.png */; };
		9DA099A51DFA80FA00F2CE62 /* EarnedItAlbum.jpg in Resources */ = {isa = PBXBuildFile; fileRef = 9DA099971DFA80FA00F2CE62 /* EarnedItAlbum.jpg */; };
		9DA099A61DFA80FA00F2CE62 /* mrTaz.jpg in Resources */ = {isa = PBXBuildFile; fileRef = 9DA099981DFA80FA00F2CE62 /* mrTaz.jpg */; };
		9DA099A71DFA80FA00F2CE62 /* earnedIt_mrTaz_thumbnail.png in Resources */ = {isa = PBXBuildFile; fileRef = 9DA099991DFA80FA00F2CE62 /* earnedIt_mrTaz_thumbnail.png */; };
		9DA099A81DFA80FA00F2CE62 /* daniel.jpg in Resources */ = {isa = PBXBuildFile; fileRef = 9DA0999A1DFA80FA00F2CE62 /* daniel.jpg */; };
		9DA099A91DFA80FA00F2CE62 /* cantFeelMyFace_daniel_thumbnail.png in Resources */ = {isa = PBXBuildFile; fileRef = 9DA0999B1DFA80FA00F2CE62 /* cantFeelMyFace_daniel_thumbnail.png */; };
		9DA099AA1DFA80FA00F2CE62 /* calysta.jpg in Resources */ = {isa = PBXBuildFile; fileRef = 9DA0999C1DFA80FA00F2CE62 /* calysta.jpg */; };
		9DA099AB1DFA80FA00F2CE62 /* EarnedIt_mrTaz.mp4 in Resources */ = {isa = PBXBuildFile; fileRef = 9DA0999D1DFA80FA00F2CE62 /* EarnedIt_mrTaz.mp4 */; };
		9DA099AC1DFA80FA00F2CE62 /* CantFeelMyFace_daniel.mp4 in Resources */ = {isa = PBXBuildFile; fileRef = 9DA0999E1DFA80FA00F2CE62 /* CantFeelMyFace_daniel.mp4 */; };
		9DA099AD1DFA80FA00F2CE62 /* earnedIt_calysta_thumbnail.png in Resources */ = {isa = PBXBuildFile; fileRef = 9DA0999F1DFA80FA00F2CE62 /* earnedIt_calysta_thumbnail.png */; };
		9DA099AE1DFA80FA00F2CE62 /* EarnedIt_calysta.mp4 in Resources */ = {isa = PBXBuildFile; fileRef = 9DA099A01DFA80FA00F2CE62 /* EarnedIt_calysta.mp4 */; };
		9DA099AF1DFA80FA00F2CE62 /* erik.jpg in Resources */ = {isa = PBXBuildFile; fileRef = 9DA099A11DFA80FA00F2CE62 /* erik.jpg */; };
		9DA099B01DFA80FA00F2CE62 /* earnedIt_erik_thumbnail.png in Resources */ = {isa = PBXBuildFile; fileRef = 9DA099A21DFA80FA00F2CE62 /* earnedIt_erik_thumbnail.png */; };
		9DA099B11DFA80FA00F2CE62 /* EarnedIt_erik.mp4 in Resources */ = {isa = PBXBuildFile; fileRef = 9DA099A31DFA80FA00F2CE62 /* EarnedIt_erik.mp4 */; };
		9DA099B51DFA886000F2CE62 /* TalkDirty_anissa_thumbnail.png in Resources */ = {isa = PBXBuildFile; fileRef = 9DA099B41DFA886000F2CE62 /* TalkDirty_anissa_thumbnail.png */; };
		9DA099B71DFA99A700F2CE62 /* sign_along_logo.png in Resources */ = {isa = PBXBuildFile; fileRef = 9DA099B61DFA99A700F2CE62 /* sign_along_logo.png */; };
		9DA099BB1DFA9B1800F2CE62 /* play3.png in Resources */ = {isa = PBXBuildFile; fileRef = 9DA099B81DFA9B1800F2CE62 /* play3.png */; };
		9DA099BC1DFA9B1800F2CE62 /* play2.png in Resources */ = {isa = PBXBuildFile; fileRef = 9DA099B91DFA9B1800F2CE62 /* play2.png */; };
		9DA099BD1DFA9B1800F2CE62 /* play1.png in Resources */ = {isa = PBXBuildFile; fileRef = 9DA099BA1DFA9B1800F2CE62 /* play1.png */; };
		9DA099C01DFAA86900F2CE62 /* TracklistTableViewController.swift in Sources */ = {isa = PBXBuildFile; fileRef = 9DA099BF1DFAA86900F2CE62 /* TracklistTableViewController.swift */; };
		9DA099C21DFAA87500F2CE62 /* TrackTableViewCell.swift in Sources */ = {isa = PBXBuildFile; fileRef = 9DA099C11DFAA87500F2CE62 /* TrackTableViewCell.swift */; };
		9DA099C81DFAC23000F2CE62 /* Menu-30.png in Resources */ = {isa = PBXBuildFile; fileRef = 9DA099C71DFAC23000F2CE62 /* Menu-30.png */; };
		9DA099CD1DFAC53900F2CE62 /* StressedOut.mp3 in Resources */ = {isa = PBXBuildFile; fileRef = 9DA099C91DFAC53900F2CE62 /* StressedOut.mp3 */; };
		9DA099CE1DFAC53900F2CE62 /* Starboy.mp3 in Resources */ = {isa = PBXBuildFile; fileRef = 9DA099CA1DFAC53900F2CE62 /* Starboy.mp3 */; };
		9DA099CF1DFAC53900F2CE62 /* RiRi.mp3 in Resources */ = {isa = PBXBuildFile; fileRef = 9DA099CB1DFAC53900F2CE62 /* RiRi.mp3 */; };
		9DA099D01DFAC53900F2CE62 /* TalkDirty.mp3 in Resources */ = {isa = PBXBuildFile; fileRef = 9DA099CC1DFAC53900F2CE62 /* TalkDirty.mp3 */; };
		9DA099DC1DFAC90500F2CE62 /* PickUpThePhone.mp3 in Resources */ = {isa = PBXBuildFile; fileRef = 9DA099D21DFAC90500F2CE62 /* PickUpThePhone.mp3 */; };
		9DA099DD1DFAC90500F2CE62 /* WyclefJean.mp3 in Resources */ = {isa = PBXBuildFile; fileRef = 9DA099D31DFAC90500F2CE62 /* WyclefJean.mp3 */; };
		9DA099DE1DFAC90500F2CE62 /* Heathens.mp3 in Resources */ = {isa = PBXBuildFile; fileRef = 9DA099D41DFAC90500F2CE62 /* Heathens.mp3 */; };
		9DA099DF1DFAC90500F2CE62 /* HeavyDirtySoul.mp3 in Resources */ = {isa = PBXBuildFile; fileRef = 9DA099D51DFAC90500F2CE62 /* HeavyDirtySoul.mp3 */; };
		9DA099E01DFAC90500F2CE62 /* CantFeelMyFace.mp3 in Resources */ = {isa = PBXBuildFile; fileRef = 9DA099D61DFAC90500F2CE62 /* CantFeelMyFace.mp3 */; };
		9DA099E11DFAC90500F2CE62 /* EarnedIt.mp3 in Resources */ = {isa = PBXBuildFile; fileRef = 9DA099D71DFAC90500F2CE62 /* EarnedIt.mp3 */; };
		9DA099E21DFAC90500F2CE62 /* CocoaButterKisses.mp3 in Resources */ = {isa = PBXBuildFile; fileRef = 9DA099D81DFAC90500F2CE62 /* CocoaButterKisses.mp3 */; };
		9DA099E31DFAC90500F2CE62 /* MarryMe.mp3 in Resources */ = {isa = PBXBuildFile; fileRef = 9DA099D91DFAC90500F2CE62 /* MarryMe.mp3 */; };
		9DA099E41DFAC90500F2CE62 /* RidinSolo.mp3 in Resources */ = {isa = PBXBuildFile; fileRef = 9DA099DA1DFAC90500F2CE62 /* RidinSolo.mp3 */; };
		9DA099E51DFAC90500F2CE62 /* SundayCandy.mp3 in Resources */ = {isa = PBXBuildFile; fileRef = 9DA099DB1DFAC90500F2CE62 /* SundayCandy.mp3 */; };
		9DA099E71DFADC8E00F2CE62 /* TrackTableViewController.swift in Sources */ = {isa = PBXBuildFile; fileRef = 9DA099E61DFADC8E00F2CE62 /* TrackTableViewController.swift */; };
		9DC04CC71DF8C15D0011A465 /* amber2.png in Resources */ = {isa = PBXBuildFile; fileRef = 9DC04CC11DF8C15D0011A465 /* amber2.png */; };
		9DC04CC81DF8C15D0011A465 /* amber.jpg in Resources */ = {isa = PBXBuildFile; fileRef = 9DC04CC21DF8C15D0011A465 /* amber.jpg */; };
		9DC04CC91DF8C15D0011A465 /* RapGod_thumbnail.png in Resources */ = {isa = PBXBuildFile; fileRef = 9DC04CC31DF8C15D0011A465 /* RapGod_thumbnail.png */; };
		9DC04CCA1DF8C15D0011A465 /* Anaconda_thumbnail.png in Resources */ = {isa = PBXBuildFile; fileRef = 9DC04CC41DF8C15D0011A465 /* Anaconda_thumbnail.png */; };
		9DC04CCB1DF8C15D0011A465 /* Anaconda_Amber.mp4 in Resources */ = {isa = PBXBuildFile; fileRef = 9DC04CC51DF8C15D0011A465 /* Anaconda_Amber.mp4 */; };
		9DC04CCC1DF8C15D0011A465 /* RapGod_Amber.mp4 in Resources */ = {isa = PBXBuildFile; fileRef = 9DC04CC61DF8C15D0011A465 /* RapGod_Amber.mp4 */; };
		9DC04CCF1DF8C3D50011A465 /* VideoController.swift in Sources */ = {isa = PBXBuildFile; fileRef = 9DC04CCE1DF8C3D50011A465 /* VideoController.swift */; };
		9DC04CD11DF8C9FC0011A465 /* lolla.jpg in Resources */ = {isa = PBXBuildFile; fileRef = 9DC04CD01DF8C9FC0011A465 /* lolla.jpg */; };
		9DC04CD31DF8CBF20011A465 /* amber3.jpg in Resources */ = {isa = PBXBuildFile; fileRef = 9DC04CD21DF8CBF20011A465 /* amber3.jpg */; };
		9DC04CD51DF8CDA80011A465 /* profBackground.jpg in Resources */ = {isa = PBXBuildFile; fileRef = 9DC04CD41DF8CDA80011A465 /* profBackground.jpg */; };
		9DC04CD81DF8CFE50011A465 /* StressedOut_Amber.mp4 in Resources */ = {isa = PBXBuildFile; fileRef = 9DC04CD61DF8CFE50011A465 /* StressedOut_Amber.mp4 */; };
		9DC04CD91DF8CFE50011A465 /* StressedOut_thumbnail.png in Resources */ = {isa = PBXBuildFile; fileRef = 9DC04CD71DF8CFE50011A465 /* StressedOut_thumbnail.png */; };
		9DC04CDC1DF8D45D0011A465 /* stock1.jpg in Resources */ = {isa = PBXBuildFile; fileRef = 9DC04CDA1DF8D45D0011A465 /* stock1.jpg */; };
		9DC04CDD1DF8D45D0011A465 /* stock2.jpg in Resources */ = {isa = PBXBuildFile; fileRef = 9DC04CDB1DF8D45D0011A465 /* stock2.jpg */; };
		9DC04CE21DF8D46E0011A465 /* team03.jpg in Resources */ = {isa = PBXBuildFile; fileRef = 9DC04CDE1DF8D46E0011A465 /* team03.jpg */; };
		9DC04CE31DF8D46E0011A465 /* team02.jpg in Resources */ = {isa = PBXBuildFile; fileRef = 9DC04CDF1DF8D46E0011A465 /* team02.jpg */; };
		9DC04CE41DF8D46E0011A465 /* team01.jpg in Resources */ = {isa = PBXBuildFile; fileRef = 9DC04CE01DF8D46E0011A465 /* team01.jpg */; };
		9DC04CE51DF8D46E0011A465 /* team04.jpg in Resources */ = {isa = PBXBuildFile; fileRef = 9DC04CE11DF8D46E0011A465 /* team04.jpg */; };
		9DC04CEB1DF8DF6F0011A465 /* suicidesquad.jpg in Resources */ = {isa = PBXBuildFile; fileRef = 9DC04CE61DF8DF6F0011A465 /* suicidesquad.jpg */; };
		9DC04CEC1DF8DF6F0011A465 /* StressedOut_anissa.mp4 in Resources */ = {isa = PBXBuildFile; fileRef = 9DC04CE71DF8DF6F0011A465 /* StressedOut_anissa.mp4 */; };
		9DC04CED1DF8DF6F0011A465 /* StressedOut_anissa_thumbnail.png in Resources */ = {isa = PBXBuildFile; fileRef = 9DC04CE81DF8DF6F0011A465 /* StressedOut_anissa_thumbnail.png */; };
		9DC04CEE1DF8DF6F0011A465 /* Heathens_libbey.mp4 in Resources */ = {isa = PBXBuildFile; fileRef = 9DC04CE91DF8DF6F0011A465 /* Heathens_libbey.mp4 */; };
		9DC04CEF1DF8DF6F0011A465 /* Heathens_libbey_thumbnail.png in Resources */ = {isa = PBXBuildFile; fileRef = 9DC04CEA1DF8DF6F0011A465 /* Heathens_libbey_thumbnail.png */; };
		9DC04CF11DF8E1420011A465 /* anissa.png in Resources */ = {isa = PBXBuildFile; fileRef = 9DC04CF01DF8E1420011A465 /* anissa.png */; };
		9DC04CF31DF8E19A0011A465 /* libbey.jpg in Resources */ = {isa = PBXBuildFile; fileRef = 9DC04CF21DF8E19A0011A465 /* libbey.jpg */; };
		9DC3ED0B1DDFEAD2008A7895 /* home-7.png in Resources */ = {isa = PBXBuildFile; fileRef = 9DC3ED0A1DDFEAD2008A7895 /* home-7.png */; };
		9DC3ED0D1DDFF865008A7895 /* circle-user-7.png in Resources */ = {isa = PBXBuildFile; fileRef = 9DC3ED0C1DDFF865008A7895 /* circle-user-7.png */; };
		9DC3ED121DE00C19008A7895 /* music-7.png in Resources */ = {isa = PBXBuildFile; fileRef = 9DC3ED0E1DE00C19008A7895 /* music-7.png */; };
		9DC3ED131DE00C19008A7895 /* video-camera-7.png in Resources */ = {isa = PBXBuildFile; fileRef = 9DC3ED0F1DE00C19008A7895 /* video-camera-7.png */; };
		9DC3ED141DE00C19008A7895 /* paper-plane-7.png in Resources */ = {isa = PBXBuildFile; fileRef = 9DC3ED101DE00C19008A7895 /* paper-plane-7.png */; };
		9DC3ED151DE00C19008A7895 /* origami-7.png in Resources */ = {isa = PBXBuildFile; fileRef = 9DC3ED111DE00C19008A7895 /* origami-7.png */; };
		9DC3ED171DE01228008A7895 /* concert.jpg in Resources */ = {isa = PBXBuildFile; fileRef = 9DC3ED161DE01228008A7895 /* concert.jpg */; };
		9DC3ED191DE0127F008A7895 /* TrackViewController.swift in Sources */ = {isa = PBXBuildFile; fileRef = 9DC3ED181DE0127F008A7895 /* TrackViewController.swift */; };
		9DE3064D1DDE7A60008280D5 /* AppDelegate.swift in Sources */ = {isa = PBXBuildFile; fileRef = 9DE3064C1DDE7A60008280D5 /* AppDelegate.swift */; };
		9DE306541DDE7A60008280D5 /* Main.storyboard in Resources */ = {isa = PBXBuildFile; fileRef = 9DE306521DDE7A60008280D5 /* Main.storyboard */; };
		9DE306561DDE7A60008280D5 /* Assets.xcassets in Resources */ = {isa = PBXBuildFile; fileRef = 9DE306551DDE7A60008280D5 /* Assets.xcassets */; };
		9DE306591DDE7A60008280D5 /* LaunchScreen.storyboard in Resources */ = {isa = PBXBuildFile; fileRef = 9DE306571DDE7A60008280D5 /* LaunchScreen.storyboard */; };
		9DE306611DDE7B13008280D5 /* EventsTableViewController.swift in Sources */ = {isa = PBXBuildFile; fileRef = 9DE306601DDE7B13008280D5 /* EventsTableViewController.swift */; };
		9DE3066B1DDE8583008280D5 /* Event.swift in Sources */ = {isa = PBXBuildFile; fileRef = 9DE3066A1DDE8583008280D5 /* Event.swift */; };
		9DE3066F1DDE8618008280D5 /* EventTableViewCell.swift in Sources */ = {isa = PBXBuildFile; fileRef = 9DE3066E1DDE8618008280D5 /* EventTableViewCell.swift */; };
		9DF9FED01DF101430091CAC2 /* TrackContestTableViewCell.swift in Sources */ = {isa = PBXBuildFile; fileRef = 9DF9FECF1DF101430091CAC2 /* TrackContestTableViewCell.swift */; };
		9DF9FED21DF143250091CAC2 /* Track.swift in Sources */ = {isa = PBXBuildFile; fileRef = 9DF9FED11DF143250091CAC2 /* Track.swift */; };
		9DF9FED71DF14AFE0091CAC2 /* jeffery.jpg in Resources */ = {isa = PBXBuildFile; fileRef = 9DF9FED31DF14AFE0091CAC2 /* jeffery.jpg */; };
		9DF9FED81DF14AFE0091CAC2 /* blurryface.jpg in Resources */ = {isa = PBXBuildFile; fileRef = 9DF9FED41DF14AFE0091CAC2 /* blurryface.jpg */; };
		9DF9FED91DF14AFE0091CAC2 /* starboy.jpg in Resources */ = {isa = PBXBuildFile; fileRef = 9DF9FED51DF14AFE0091CAC2 /* starboy.jpg */; };
		9DF9FEDA1DF14AFE0091CAC2 /* coloringbook.jpg in Resources */ = {isa = PBXBuildFile; fileRef = 9DF9FED61DF14AFE0091CAC2 /* coloringbook.jpg */; };
		9DF9FEE21DF1607E0091CAC2 /* play.png in Resources */ = {isa = PBXBuildFile; fileRef = 9DF9FEDF1DF1607E0091CAC2 /* play.png */; };
		9DF9FEE41DF160850091CAC2 /* pause.png in Resources */ = {isa = PBXBuildFile; fileRef = 9DF9FEE31DF160850091CAC2 /* pause.png */; };
		9DF9FEF01DF173180091CAC2 /* signalonglogo.png in Resources */ = {isa = PBXBuildFile; fileRef = 9DF9FEEF1DF173180091CAC2 /* signalonglogo.png */; };
		9DF9FEF21DF176FB0091CAC2 /* AllNight.mp3 in Resources */ = {isa = PBXBuildFile; fileRef = 9DF9FEF11DF176FB0091CAC2 /* AllNight.mp3 */; };
		9DFE636C1DEE50E900DA1139 /* youngthug2.jpg in Resources */ = {isa = PBXBuildFile; fileRef = 9DFE636A1DEE50E900DA1139 /* youngthug2.jpg */; };
		9DFE636D1DEE50E900DA1139 /* youngthug.jpg in Resources */ = {isa = PBXBuildFile; fileRef = 9DFE636B1DEE50E900DA1139 /* youngthug.jpg */; };
		9DFE63701DEE520000DA1139 /* chance2.jpg in Resources */ = {isa = PBXBuildFile; fileRef = 9DFE636E1DEE520000DA1139 /* chance2.jpg */; };
		9DFE63711DEE520000DA1139 /* chance.jpg in Resources */ = {isa = PBXBuildFile; fileRef = 9DFE636F1DEE520000DA1139 /* chance.jpg */; };
		9DFE63741DEE58CC00DA1139 /* weeknd2.jpg in Resources */ = {isa = PBXBuildFile; fileRef = 9DFE63721DEE58CC00DA1139 /* weeknd2.jpg */; };
		9DFE63751DEE58CC00DA1139 /* weeknd.jpg in Resources */ = {isa = PBXBuildFile; fileRef = 9DFE63731DEE58CC00DA1139 /* weeknd.jpg */; };
		9DFE63781DEE5A3200DA1139 /* pilots2.jpg in Resources */ = {isa = PBXBuildFile; fileRef = 9DFE63761DEE5A3200DA1139 /* pilots2.jpg */; };
		9DFE63791DEE5A3200DA1139 /* pilots.jpg in Resources */ = {isa = PBXBuildFile; fileRef = 9DFE63771DEE5A3200DA1139 /* pilots.jpg */; };
		9DFE637C1DEE5B3A00DA1139 /* pilots4.jpg in Resources */ = {isa = PBXBuildFile; fileRef = 9DFE637A1DEE5B3A00DA1139 /* pilots4.jpg */; };
		9DFE637D1DEE5B3A00DA1139 /* pilots3.jpg in Resources */ = {isa = PBXBuildFile; fileRef = 9DFE637B1DEE5B3A00DA1139 /* pilots3.jpg */; };
		9DFE637F1DEE60D000DA1139 /* FirstContestTableViewCell.swift in Sources */ = {isa = PBXBuildFile; fileRef = 9DFE637E1DEE60D000DA1139 /* FirstContestTableViewCell.swift */; };
		9DFE63811DEE637D00DA1139 /* SecondContestTableViewCell.swift in Sources */ = {isa = PBXBuildFile; fileRef = 9DFE63801DEE637D00DA1139 /* SecondContestTableViewCell.swift */; };
		9DFE63831DEE63B600DA1139 /* ThirdContestTableViewCell.swift in Sources */ = {isa = PBXBuildFile; fileRef = 9DFE63821DEE63B600DA1139 /* ThirdContestTableViewCell.swift */; };
		9DFE63851DEE647B00DA1139 /* ContestTableViewController.swift in Sources */ = {isa = PBXBuildFile; fileRef = 9DFE63841DEE647B00DA1139 /* ContestTableViewController.swift */; };
		C452505A528E6368666077F1 /* Pods_Sign_Along.framework in Frameworks */ = {isa = PBXBuildFile; fileRef = C58F753A5CD6178265C2266B /* Pods_Sign_Along.framework */; };
/* End PBXBuildFile section */

/* Begin PBXCopyFilesBuildPhase section */
		9D65D7601DF2A19F00156AC5 /* Embed Frameworks */ = {
			isa = PBXCopyFilesBuildPhase;
			buildActionMask = 2147483647;
			dstPath = "";
			dstSubfolderSpec = 10;
			files = (
			);
			name = "Embed Frameworks";
			runOnlyForDeploymentPostprocessing = 0;
		};
/* End PBXCopyFilesBuildPhase section */

/* Begin PBXFileReference section */
		322DB32CA7021EE16C10009D /* Pods-Sign Along.release.xcconfig */ = {isa = PBXFileReference; includeInIndex = 1; lastKnownFileType = text.xcconfig; name = "Pods-Sign Along.release.xcconfig"; path = "Pods/Target Support Files/Pods-Sign Along/Pods-Sign Along.release.xcconfig"; sourceTree = "<group>"; };
		64F0984E25E5C8E9C69F884D /* Pods-Sign Along.debug.xcconfig */ = {isa = PBXFileReference; includeInIndex = 1; lastKnownFileType = text.xcconfig; name = "Pods-Sign Along.debug.xcconfig"; path = "Pods/Target Support Files/Pods-Sign Along/Pods-Sign Along.debug.xcconfig"; sourceTree = "<group>"; };
		9D2E316D1DF2C4B400121381 /* MessageTableViewCell.swift */ = {isa = PBXFileReference; fileEncoding = 4; lastKnownFileType = sourcecode.swift; path = MessageTableViewCell.swift; sourceTree = "<group>"; };
		9D2E316F1DF2D1BF00121381 /* InterpreterProfileHeaderView.swift */ = {isa = PBXFileReference; fileEncoding = 4; lastKnownFileType = sourcecode.swift; path = InterpreterProfileHeaderView.swift; sourceTree = "<group>"; };
		9D2F62201DE31EBE00418809 /* VideoItem.swift */ = {isa = PBXFileReference; fileEncoding = 4; lastKnownFileType = sourcecode.swift; path = VideoItem.swift; sourceTree = "<group>"; };
		9D2F62261DE3DF7300418809 /* city.jpeg */ = {isa = PBXFileReference; lastKnownFileType = image.jpeg; path = city.jpeg; sourceTree = "<group>"; };
		9D2F62281DE3DF7A00418809 /* sign.png */ = {isa = PBXFileReference; lastKnownFileType = image.png; path = sign.png; sourceTree = "<group>"; };
		9D2F622A1DE3DFCF00418809 /* LoginViewController.swift */ = {isa = PBXFileReference; fileEncoding = 4; lastKnownFileType = sourcecode.swift; path = LoginViewController.swift; sourceTree = "<group>"; };
		9D384BF01DEF027200E32A66 /* SecondSubmissionTableViewCell.swift */ = {isa = PBXFileReference; fileEncoding = 4; lastKnownFileType = sourcecode.swift; path = SecondSubmissionTableViewCell.swift; sourceTree = "<group>"; };
		9D384BF21DEF02A100E32A66 /* ThirdSubmissionTableViewCell.swift */ = {isa = PBXFileReference; fileEncoding = 4; lastKnownFileType = sourcecode.swift; path = ThirdSubmissionTableViewCell.swift; sourceTree = "<group>"; };
		9D384BF41DEF082600E32A66 /* thumbs-up-256.png */ = {isa = PBXFileReference; lastKnownFileType = image.png; path = "thumbs-up-256.png"; sourceTree = "<group>"; };
		9D425EDE1DF798F700211499 /* FirstUserContestCell.swift */ = {isa = PBXFileReference; fileEncoding = 4; lastKnownFileType = sourcecode.swift; path = FirstUserContestCell.swift; sourceTree = "<group>"; };
		9D425EE01DF7999400211499 /* SecondUserContestCell.swift */ = {isa = PBXFileReference; fileEncoding = 4; lastKnownFileType = sourcecode.swift; path = SecondUserContestCell.swift; sourceTree = "<group>"; };
		9D425EE21DF799F500211499 /* ThirdUserContestCell.swift */ = {isa = PBXFileReference; fileEncoding = 4; lastKnownFileType = sourcecode.swift; path = ThirdUserContestCell.swift; sourceTree = "<group>"; };
		9D425EE41DF7A16700211499 /* UserMessagesListTableViewController.swift */ = {isa = PBXFileReference; fileEncoding = 4; lastKnownFileType = sourcecode.swift; path = UserMessagesListTableViewController.swift; sourceTree = "<group>"; };
		9D65D7581DF28F4100156AC5 /* MessagesListTableViewController.swift */ = {isa = PBXFileReference; fileEncoding = 4; lastKnownFileType = sourcecode.swift; path = MessagesListTableViewController.swift; sourceTree = "<group>"; };
		9D65D75A1DF2975000156AC5 /* ChatViewController.swift */ = {isa = PBXFileReference; fileEncoding = 4; lastKnownFileType = sourcecode.swift; path = ChatViewController.swift; sourceTree = "<group>"; };
		9D65D75C1DF2A18D00156AC5 /* JSQMessagesViewController.framework */ = {isa = PBXFileReference; lastKnownFileType = wrapper.framework; name = JSQMessagesViewController.framework; path = "../../Library/Developer/Xcode/DerivedData/Sign_Along-ehlelxjxrfbznmgjhrvvhnuatfpy/Build/Products/Debug-iphonesimulator/JSQMessagesViewController/JSQMessagesViewController.framework"; sourceTree = "<group>"; };
		9D66C56C1DF8EBDA004052CA /* VoteViewController.swift */ = {isa = PBXFileReference; fileEncoding = 4; lastKnownFileType = sourcecode.swift; path = VoteViewController.swift; sourceTree = "<group>"; };
		9D66C56F1DF8F9BB004052CA /* btn_skip_normal@2x.png */ = {isa = PBXFileReference; lastKnownFileType = image.png; path = "btn_skip_normal@2x.png"; sourceTree = "<group>"; };
		9D66C5701DF8F9BB004052CA /* btn_skip_normal@3x.png */ = {isa = PBXFileReference; lastKnownFileType = image.png; path = "btn_skip_normal@3x.png"; sourceTree = "<group>"; };
		9D66C5711DF8F9BB004052CA /* Contents.json */ = {isa = PBXFileReference; fileEncoding = 4; lastKnownFileType = text.json; path = Contents.json; sourceTree = "<group>"; };
		9D66C5761DF8F9C6004052CA /* btn_like_normal@2x.png */ = {isa = PBXFileReference; lastKnownFileType = image.png; path = "btn_like_normal@2x.png"; sourceTree = "<group>"; };
		9D66C5771DF8F9C6004052CA /* btn_like_normal@3x.png */ = {isa = PBXFileReference; lastKnownFileType = image.png; path = "btn_like_normal@3x.png"; sourceTree = "<group>"; };
		9D66C5781DF8F9C6004052CA /* Contents.json */ = {isa = PBXFileReference; fileEncoding = 4; lastKnownFileType = text.json; path = Contents.json; sourceTree = "<group>"; };
		9D66C57C1DF903F0004052CA /* FifthUserContestCell.swift */ = {isa = PBXFileReference; fileEncoding = 4; lastKnownFileType = sourcecode.swift; path = FifthUserContestCell.swift; sourceTree = "<group>"; };
		9D66C57E1DF90FD5004052CA /* TalkDirty_libbey_thumbnail.png */ = {isa = PBXFileReference; lastKnownFileType = image.png; path = TalkDirty_libbey_thumbnail.png; sourceTree = "<group>"; };
		9D66C57F1DF90FD5004052CA /* TalkDirty_libbey.mp4 */ = {isa = PBXFileReference; lastKnownFileType = file; path = TalkDirty_libbey.mp4; sourceTree = "<group>"; };
		9D66C5801DF90FD5004052CA /* RidinSolo_mbart_thumbnail.png */ = {isa = PBXFileReference; lastKnownFileType = image.png; path = RidinSolo_mbart_thumbnail.png; sourceTree = "<group>"; };
		9D66C5811DF90FD5004052CA /* RidinSolo_mbart.mp4 */ = {isa = PBXFileReference; lastKnownFileType = file; path = RidinSolo_mbart.mp4; sourceTree = "<group>"; };
		9D66C5831DF90FD6004052CA /* TalkDirty_anissa.mp4 */ = {isa = PBXFileReference; lastKnownFileType = file; path = TalkDirty_anissa.mp4; sourceTree = "<group>"; };
		9D66C5841DF90FD6004052CA /* MarryMe_amber_thumbnail.png */ = {isa = PBXFileReference; lastKnownFileType = image.png; path = MarryMe_amber_thumbnail.png; sourceTree = "<group>"; };
		9D66C5851DF90FD6004052CA /* MarryMe_amber.mp4 */ = {isa = PBXFileReference; lastKnownFileType = file; path = MarryMe_amber.mp4; sourceTree = "<group>"; };
		9D66C58E1DF91168004052CA /* molly.jpg */ = {isa = PBXFileReference; lastKnownFileType = image.jpeg; path = molly.jpg; sourceTree = "<group>"; };
		9D66C5901DF91488004052CA /* AllContestSubmissions.swift */ = {isa = PBXFileReference; fileEncoding = 4; lastKnownFileType = sourcecode.swift; path = AllContestSubmissions.swift; sourceTree = "<group>"; };
		9D66C5921DF91521004052CA /* ContestHeaderView.swift */ = {isa = PBXFileReference; fileEncoding = 4; lastKnownFileType = sourcecode.swift; path = ContestHeaderView.swift; sourceTree = "<group>"; };
		9D66C5961DF91905004052CA /* AnnotatedSubmissionCell.swift */ = {isa = PBXFileReference; fileEncoding = 4; lastKnownFileType = sourcecode.swift; path = AnnotatedSubmissionCell.swift; sourceTree = "<group>"; };
		9D66C5981DF92A8A004052CA /* UserProfileViewController.swift */ = {isa = PBXFileReference; fileEncoding = 4; lastKnownFileType = sourcecode.swift; path = UserProfileViewController.swift; sourceTree = "<group>"; };
		9D66C59A1DF92B1F004052CA /* InterpreterProfileHeaderView2.swift */ = {isa = PBXFileReference; fileEncoding = 4; lastKnownFileType = sourcecode.swift; path = InterpreterProfileHeaderView2.swift; sourceTree = "<group>"; };
		9D66C59C1DF92BEE004052CA /* AnnotatedPhotoCell2.swift */ = {isa = PBXFileReference; fileEncoding = 4; lastKnownFileType = sourcecode.swift; path = AnnotatedPhotoCell2.swift; sourceTree = "<group>"; };
		9D7023F81DEEB06B00D06AB5 /* AVFoundation.framework */ = {isa = PBXFileReference; lastKnownFileType = wrapper.framework; name = AVFoundation.framework; path = System/Library/Frameworks/AVFoundation.framework; sourceTree = SDKROOT; };
		9D7023FA1DEEB07A00D06AB5 /* UIKit.framework */ = {isa = PBXFileReference; lastKnownFileType = wrapper.framework; name = UIKit.framework; path = System/Library/Frameworks/UIKit.framework; sourceTree = SDKROOT; };
		9D7023FC1DEEF29E00D06AB5 /* UserEventsTableViewController.swift */ = {isa = PBXFileReference; fileEncoding = 4; lastKnownFileType = sourcecode.swift; path = UserEventsTableViewController.swift; sourceTree = "<group>"; };
		9D7023FE1DEEF4DA00D06AB5 /* UserEventTableViewCell.swift */ = {isa = PBXFileReference; fileEncoding = 4; lastKnownFileType = sourcecode.swift; path = UserEventTableViewCell.swift; sourceTree = "<group>"; };
		9D7024001DEEF79900D06AB5 /* UserContestTableViewController.swift */ = {isa = PBXFileReference; fileEncoding = 4; lastKnownFileType = sourcecode.swift; path = UserContestTableViewController.swift; sourceTree = "<group>"; };
		9D7024041DEEFEB400D06AB5 /* SubmissionTableViewController.swift */ = {isa = PBXFileReference; fileEncoding = 4; lastKnownFileType = sourcecode.swift; path = SubmissionTableViewController.swift; sourceTree = "<group>"; };
		9D7024061DEF00F400D06AB5 /* FirstSubmissionTableViewCell.swift */ = {isa = PBXFileReference; fileEncoding = 4; lastKnownFileType = sourcecode.swift; path = FirstSubmissionTableViewCell.swift; sourceTree = "<group>"; };
		9D80C0731DF2D64500A2450E /* InterpreterProfileViewController.swift */ = {isa = PBXFileReference; fileEncoding = 4; lastKnownFileType = sourcecode.swift; path = InterpreterProfileViewController.swift; sourceTree = "<group>"; };
		9D80C0791DF2EA4500A2450E /* PhotoStreamViewController.swift */ = {isa = PBXFileReference; fileEncoding = 4; lastKnownFileType = sourcecode.swift; path = PhotoStreamViewController.swift; sourceTree = "<group>"; };
		9D80C07B1DF2EA5100A2450E /* AnnotatedPhotoCell.swift */ = {isa = PBXFileReference; fileEncoding = 4; lastKnownFileType = sourcecode.swift; path = AnnotatedPhotoCell.swift; sourceTree = "<group>"; };
		9D80C07D1DF2EA5200A2450E /* Photos.plist */ = {isa = PBXFileReference; fileEncoding = 4; lastKnownFileType = text.plist.xml; path = Photos.plist; sourceTree = "<group>"; };
		9D80C0811DF2EBCA00A2450E /* UIImage+Decompression.swift */ = {isa = PBXFileReference; fileEncoding = 4; lastKnownFileType = sourcecode.swift; path = "UIImage+Decompression.swift"; sourceTree = "<group>"; };
		9D80C0881DF2FD8C00A2450E /* AllSubmissionsCollectionViewController.swift */ = {isa = PBXFileReference; fileEncoding = 4; lastKnownFileType = sourcecode.swift; path = AllSubmissionsCollectionViewController.swift; sourceTree = "<group>"; };
		9D80C08A1DF2FFA400A2450E /* AnnotatedVidCell.swift */ = {isa = PBXFileReference; fileEncoding = 4; lastKnownFileType = sourcecode.swift; path = AnnotatedVidCell.swift; sourceTree = "<group>"; };
		9DA0996A1DFA748D00F2CE62 /* tattoosAlbum.jpg */ = {isa = PBXFileReference; lastKnownFileType = image.jpeg; path = tattoosAlbum.jpg; sourceTree = "<group>"; };
		9DA0996B1DFA748D00F2CE62 /* jasonDeruloAlbum.jpg */ = {isa = PBXFileReference; lastKnownFileType = image.jpeg; path = jasonDeruloAlbum.jpg; sourceTree = "<group>"; };
		9DA0996C1DFA748D00F2CE62 /* talkDirtyAlbum.png */ = {isa = PBXFileReference; lastKnownFileType = image.png; path = talkDirtyAlbum.png; sourceTree = "<group>"; };
		9DA0996D1DFA748D00F2CE62 /* jason3.jpg */ = {isa = PBXFileReference; lastKnownFileType = image.jpeg; path = jason3.jpg; sourceTree = "<group>"; };
		9DA0996E1DFA748D00F2CE62 /* jason2.jpg */ = {isa = PBXFileReference; lastKnownFileType = image.jpeg; path = jason2.jpg; sourceTree = "<group>"; };
		9DA0996F1DFA748D00F2CE62 /* jason.jpg */ = {isa = PBXFileReference; lastKnownFileType = image.jpeg; path = jason.jpg; sourceTree = "<group>"; };
		9DA099761DFA780C00F2CE62 /* SundayCandy_sam.mp4 */ = {isa = PBXFileReference; lastKnownFileType = file; path = SundayCandy_sam.mp4; sourceTree = "<group>"; };
		9DA099771DFA780C00F2CE62 /* sam.png */ = {isa = PBXFileReference; lastKnownFileType = image.png; path = sam.png; sourceTree = "<group>"; };
		9DA099781DFA780C00F2CE62 /* SundayCandy_sam_thumbnail.png */ = {isa = PBXFileReference; lastKnownFileType = image.png; path = SundayCandy_sam_thumbnail.png; sourceTree = "<group>"; };
		9DA099791DFA780C00F2CE62 /* kass.jpg */ = {isa = PBXFileReference; lastKnownFileType = image.jpeg; path = kass.jpg; sourceTree = "<group>"; };
		9DA0997A1DFA780C00F2CE62 /* CocoaButterKisses_kass_thumbnail.png */ = {isa = PBXFileReference; lastKnownFileType = image.png; path = CocoaButterKisses_kass_thumbnail.png; sourceTree = "<group>"; };
		9DA0997B1DFA780C00F2CE62 /* SundayCandy_max_thumbnail.png */ = {isa = PBXFileReference; lastKnownFileType = image.png; path = SundayCandy_max_thumbnail.png; sourceTree = "<group>"; };
		9DA0997C1DFA780C00F2CE62 /* max.png */ = {isa = PBXFileReference; lastKnownFileType = image.png; path = max.png; sourceTree = "<group>"; };
		9DA0997D1DFA780C00F2CE62 /* CocoaButterKisses_kass.mp4 */ = {isa = PBXFileReference; lastKnownFileType = file; path = CocoaButterKisses_kass.mp4; sourceTree = "<group>"; };
		9DA0997E1DFA780C00F2CE62 /* SundayCandy_max.mp4 */ = {isa = PBXFileReference; lastKnownFileType = file; path = SundayCandy_max.mp4; sourceTree = "<group>"; };
		9DA0998A1DFA79D700F2CE62 /* jason7.jpg */ = {isa = PBXFileReference; lastKnownFileType = image.jpeg; path = jason7.jpg; sourceTree = "<group>"; };
		9DA0998B1DFA79D700F2CE62 /* jason6.jpg */ = {isa = PBXFileReference; lastKnownFileType = image.jpeg; path = jason6.jpg; sourceTree = "<group>"; };
		9DA0998C1DFA79D700F2CE62 /* jason5.jpg */ = {isa = PBXFileReference; lastKnownFileType = image.jpeg; path = jason5.jpg; sourceTree = "<group>"; };
		9DA0998D1DFA79D700F2CE62 /* jason4.jpg */ = {isa = PBXFileReference; lastKnownFileType = image.jpeg; path = jason4.jpg; sourceTree = "<group>"; };
		9DA099921DFA7A5200F2CE62 /* acidRapAlbum.jpg */ = {isa = PBXFileReference; lastKnownFileType = image.jpeg; path = acidRapAlbum.jpg; sourceTree = "<group>"; };
		9DA099931DFA7A5200F2CE62 /* surfAlbum.jpg */ = {isa = PBXFileReference; lastKnownFileType = image.jpeg; path = surfAlbum.jpg; sourceTree = "<group>"; };
		9DA099961DFA80FA00F2CE62 /* BeautyBehindtheMadnessAlbum.png */ = {isa = PBXFileReference; lastKnownFileType = image.png; path = BeautyBehindtheMadnessAlbum.png; sourceTree = "<group>"; };
		9DA099971DFA80FA00F2CE62 /* EarnedItAlbum.jpg */ = {isa = PBXFileReference; lastKnownFileType = image.jpeg; path = EarnedItAlbum.jpg; sourceTree = "<group>"; };
		9DA099981DFA80FA00F2CE62 /* mrTaz.jpg */ = {isa = PBXFileReference; lastKnownFileType = image.jpeg; path = mrTaz.jpg; sourceTree = "<group>"; };
		9DA099991DFA80FA00F2CE62 /* earnedIt_mrTaz_thumbnail.png */ = {isa = PBXFileReference; lastKnownFileType = image.png; path = earnedIt_mrTaz_thumbnail.png; sourceTree = "<group>"; };
		9DA0999A1DFA80FA00F2CE62 /* daniel.jpg */ = {isa = PBXFileReference; lastKnownFileType = image.jpeg; path = daniel.jpg; sourceTree = "<group>"; };
		9DA0999B1DFA80FA00F2CE62 /* cantFeelMyFace_daniel_thumbnail.png */ = {isa = PBXFileReference; lastKnownFileType = image.png; path = cantFeelMyFace_daniel_thumbnail.png; sourceTree = "<group>"; };
		9DA0999C1DFA80FA00F2CE62 /* calysta.jpg */ = {isa = PBXFileReference; lastKnownFileType = image.jpeg; path = calysta.jpg; sourceTree = "<group>"; };
		9DA0999D1DFA80FA00F2CE62 /* EarnedIt_mrTaz.mp4 */ = {isa = PBXFileReference; lastKnownFileType = file; path = EarnedIt_mrTaz.mp4; sourceTree = "<group>"; };
		9DA0999E1DFA80FA00F2CE62 /* CantFeelMyFace_daniel.mp4 */ = {isa = PBXFileReference; lastKnownFileType = file; path = CantFeelMyFace_daniel.mp4; sourceTree = "<group>"; };
		9DA0999F1DFA80FA00F2CE62 /* earnedIt_calysta_thumbnail.png */ = {isa = PBXFileReference; lastKnownFileType = image.png; path = earnedIt_calysta_thumbnail.png; sourceTree = "<group>"; };
		9DA099A01DFA80FA00F2CE62 /* EarnedIt_calysta.mp4 */ = {isa = PBXFileReference; lastKnownFileType = file; path = EarnedIt_calysta.mp4; sourceTree = "<group>"; };
		9DA099A11DFA80FA00F2CE62 /* erik.jpg */ = {isa = PBXFileReference; lastKnownFileType = image.jpeg; path = erik.jpg; sourceTree = "<group>"; };
		9DA099A21DFA80FA00F2CE62 /* earnedIt_erik_thumbnail.png */ = {isa = PBXFileReference; lastKnownFileType = image.png; path = earnedIt_erik_thumbnail.png; sourceTree = "<group>"; };
		9DA099A31DFA80FA00F2CE62 /* EarnedIt_erik.mp4 */ = {isa = PBXFileReference; lastKnownFileType = file; path = EarnedIt_erik.mp4; sourceTree = "<group>"; };
		9DA099B41DFA886000F2CE62 /* TalkDirty_anissa_thumbnail.png */ = {isa = PBXFileReference; lastKnownFileType = image.png; path = TalkDirty_anissa_thumbnail.png; sourceTree = "<group>"; };
		9DA099B61DFA99A700F2CE62 /* sign_along_logo.png */ = {isa = PBXFileReference; lastKnownFileType = image.png; path = sign_along_logo.png; sourceTree = "<group>"; };
		9DA099B81DFA9B1800F2CE62 /* play3.png */ = {isa = PBXFileReference; lastKnownFileType = image.png; path = play3.png; sourceTree = "<group>"; };
		9DA099B91DFA9B1800F2CE62 /* play2.png */ = {isa = PBXFileReference; lastKnownFileType = image.png; path = play2.png; sourceTree = "<group>"; };
		9DA099BA1DFA9B1800F2CE62 /* play1.png */ = {isa = PBXFileReference; lastKnownFileType = image.png; path = play1.png; sourceTree = "<group>"; };
		9DA099BF1DFAA86900F2CE62 /* TracklistTableViewController.swift */ = {isa = PBXFileReference; fileEncoding = 4; lastKnownFileType = sourcecode.swift; path = TracklistTableViewController.swift; sourceTree = "<group>"; };
		9DA099C11DFAA87500F2CE62 /* TrackTableViewCell.swift */ = {isa = PBXFileReference; fileEncoding = 4; lastKnownFileType = sourcecode.swift; path = TrackTableViewCell.swift; sourceTree = "<group>"; };
		9DA099C71DFAC23000F2CE62 /* Menu-30.png */ = {isa = PBXFileReference; lastKnownFileType = image.png; path = "Menu-30.png"; sourceTree = "<group>"; };
		9DA099C91DFAC53900F2CE62 /* StressedOut.mp3 */ = {isa = PBXFileReference; lastKnownFileType = audio.mp3; path = StressedOut.mp3; sourceTree = "<group>"; };
		9DA099CA1DFAC53900F2CE62 /* Starboy.mp3 */ = {isa = PBXFileReference; lastKnownFileType = audio.mp3; path = Starboy.mp3; sourceTree = "<group>"; };
		9DA099CB1DFAC53900F2CE62 /* RiRi.mp3 */ = {isa = PBXFileReference; lastKnownFileType = audio.mp3; path = RiRi.mp3; sourceTree = "<group>"; };
		9DA099CC1DFAC53900F2CE62 /* TalkDirty.mp3 */ = {isa = PBXFileReference; lastKnownFileType = audio.mp3; path = TalkDirty.mp3; sourceTree = "<group>"; };
		9DA099D21DFAC90500F2CE62 /* PickUpThePhone.mp3 */ = {isa = PBXFileReference; lastKnownFileType = audio.mp3; path = PickUpThePhone.mp3; sourceTree = "<group>"; };
		9DA099D31DFAC90500F2CE62 /* WyclefJean.mp3 */ = {isa = PBXFileReference; lastKnownFileType = audio.mp3; path = WyclefJean.mp3; sourceTree = "<group>"; };
		9DA099D41DFAC90500F2CE62 /* Heathens.mp3 */ = {isa = PBXFileReference; lastKnownFileType = audio.mp3; path = Heathens.mp3; sourceTree = "<group>"; };
		9DA099D51DFAC90500F2CE62 /* HeavyDirtySoul.mp3 */ = {isa = PBXFileReference; lastKnownFileType = audio.mp3; path = HeavyDirtySoul.mp3; sourceTree = "<group>"; };
		9DA099D61DFAC90500F2CE62 /* CantFeelMyFace.mp3 */ = {isa = PBXFileReference; lastKnownFileType = audio.mp3; path = CantFeelMyFace.mp3; sourceTree = "<group>"; };
		9DA099D71DFAC90500F2CE62 /* EarnedIt.mp3 */ = {isa = PBXFileReference; lastKnownFileType = audio.mp3; path = EarnedIt.mp3; sourceTree = "<group>"; };
		9DA099D81DFAC90500F2CE62 /* CocoaButterKisses.mp3 */ = {isa = PBXFileReference; lastKnownFileType = audio.mp3; path = CocoaButterKisses.mp3; sourceTree = "<group>"; };
		9DA099D91DFAC90500F2CE62 /* MarryMe.mp3 */ = {isa = PBXFileReference; lastKnownFileType = audio.mp3; path = MarryMe.mp3; sourceTree = "<group>"; };
		9DA099DA1DFAC90500F2CE62 /* RidinSolo.mp3 */ = {isa = PBXFileReference; lastKnownFileType = audio.mp3; path = RidinSolo.mp3; sourceTree = "<group>"; };
		9DA099DB1DFAC90500F2CE62 /* SundayCandy.mp3 */ = {isa = PBXFileReference; lastKnownFileType = audio.mp3; path = SundayCandy.mp3; sourceTree = "<group>"; };
		9DA099E61DFADC8E00F2CE62 /* TrackTableViewController.swift */ = {isa = PBXFileReference; fileEncoding = 4; lastKnownFileType = sourcecode.swift; path = TrackTableViewController.swift; sourceTree = "<group>"; };
		9DC04CC11DF8C15D0011A465 /* amber2.png */ = {isa = PBXFileReference; lastKnownFileType = image.png; path = amber2.png; sourceTree = "<group>"; };
		9DC04CC21DF8C15D0011A465 /* amber.jpg */ = {isa = PBXFileReference; lastKnownFileType = image.jpeg; path = amber.jpg; sourceTree = "<group>"; };
		9DC04CC31DF8C15D0011A465 /* RapGod_thumbnail.png */ = {isa = PBXFileReference; lastKnownFileType = image.png; path = RapGod_thumbnail.png; sourceTree = "<group>"; };
		9DC04CC41DF8C15D0011A465 /* Anaconda_thumbnail.png */ = {isa = PBXFileReference; lastKnownFileType = image.png; path = Anaconda_thumbnail.png; sourceTree = "<group>"; };
		9DC04CC51DF8C15D0011A465 /* Anaconda_Amber.mp4 */ = {isa = PBXFileReference; lastKnownFileType = file; path = Anaconda_Amber.mp4; sourceTree = "<group>"; };
		9DC04CC61DF8C15D0011A465 /* RapGod_Amber.mp4 */ = {isa = PBXFileReference; lastKnownFileType = file; path = RapGod_Amber.mp4; sourceTree = "<group>"; };
		9DC04CCE1DF8C3D50011A465 /* VideoController.swift */ = {isa = PBXFileReference; fileEncoding = 4; lastKnownFileType = sourcecode.swift; path = VideoController.swift; sourceTree = "<group>"; };
		9DC04CD01DF8C9FC0011A465 /* lolla.jpg */ = {isa = PBXFileReference; lastKnownFileType = image.jpeg; path = lolla.jpg; sourceTree = "<group>"; };
		9DC04CD21DF8CBF20011A465 /* amber3.jpg */ = {isa = PBXFileReference; lastKnownFileType = image.jpeg; path = amber3.jpg; sourceTree = "<group>"; };
		9DC04CD41DF8CDA80011A465 /* profBackground.jpg */ = {isa = PBXFileReference; lastKnownFileType = image.jpeg; path = profBackground.jpg; sourceTree = "<group>"; };
		9DC04CD61DF8CFE50011A465 /* StressedOut_Amber.mp4 */ = {isa = PBXFileReference; lastKnownFileType = file; path = StressedOut_Amber.mp4; sourceTree = "<group>"; };
		9DC04CD71DF8CFE50011A465 /* StressedOut_thumbnail.png */ = {isa = PBXFileReference; lastKnownFileType = image.png; path = StressedOut_thumbnail.png; sourceTree = "<group>"; };
		9DC04CDA1DF8D45D0011A465 /* stock1.jpg */ = {isa = PBXFileReference; lastKnownFileType = image.jpeg; path = stock1.jpg; sourceTree = "<group>"; };
		9DC04CDB1DF8D45D0011A465 /* stock2.jpg */ = {isa = PBXFileReference; lastKnownFileType = image.jpeg; path = stock2.jpg; sourceTree = "<group>"; };
		9DC04CDE1DF8D46E0011A465 /* team03.jpg */ = {isa = PBXFileReference; lastKnownFileType = image.jpeg; path = team03.jpg; sourceTree = "<group>"; };
		9DC04CDF1DF8D46E0011A465 /* team02.jpg */ = {isa = PBXFileReference; lastKnownFileType = image.jpeg; path = team02.jpg; sourceTree = "<group>"; };
		9DC04CE01DF8D46E0011A465 /* team01.jpg */ = {isa = PBXFileReference; lastKnownFileType = image.jpeg; path = team01.jpg; sourceTree = "<group>"; };
		9DC04CE11DF8D46E0011A465 /* team04.jpg */ = {isa = PBXFileReference; lastKnownFileType = image.jpeg; path = team04.jpg; sourceTree = "<group>"; };
		9DC04CE61DF8DF6F0011A465 /* suicidesquad.jpg */ = {isa = PBXFileReference; lastKnownFileType = image.jpeg; path = suicidesquad.jpg; sourceTree = "<group>"; };
		9DC04CE71DF8DF6F0011A465 /* StressedOut_anissa.mp4 */ = {isa = PBXFileReference; lastKnownFileType = file; path = StressedOut_anissa.mp4; sourceTree = "<group>"; };
		9DC04CE81DF8DF6F0011A465 /* StressedOut_anissa_thumbnail.png */ = {isa = PBXFileReference; lastKnownFileType = image.png; path = StressedOut_anissa_thumbnail.png; sourceTree = "<group>"; };
		9DC04CE91DF8DF6F0011A465 /* Heathens_libbey.mp4 */ = {isa = PBXFileReference; lastKnownFileType = file; path = Heathens_libbey.mp4; sourceTree = "<group>"; };
		9DC04CEA1DF8DF6F0011A465 /* Heathens_libbey_thumbnail.png */ = {isa = PBXFileReference; lastKnownFileType = image.png; path = Heathens_libbey_thumbnail.png; sourceTree = "<group>"; };
		9DC04CF01DF8E1420011A465 /* anissa.png */ = {isa = PBXFileReference; lastKnownFileType = image.png; path = anissa.png; sourceTree = "<group>"; };
		9DC04CF21DF8E19A0011A465 /* libbey.jpg */ = {isa = PBXFileReference; lastKnownFileType = image.jpeg; path = libbey.jpg; sourceTree = "<group>"; };
		9DC3ED0A1DDFEAD2008A7895 /* home-7.png */ = {isa = PBXFileReference; lastKnownFileType = image.png; path = "home-7.png"; sourceTree = "<group>"; };
		9DC3ED0C1DDFF865008A7895 /* circle-user-7.png */ = {isa = PBXFileReference; lastKnownFileType = image.png; path = "circle-user-7.png"; sourceTree = "<group>"; };
		9DC3ED0E1DE00C19008A7895 /* music-7.png */ = {isa = PBXFileReference; lastKnownFileType = image.png; path = "music-7.png"; sourceTree = "<group>"; };
		9DC3ED0F1DE00C19008A7895 /* video-camera-7.png */ = {isa = PBXFileReference; lastKnownFileType = image.png; path = "video-camera-7.png"; sourceTree = "<group>"; };
		9DC3ED101DE00C19008A7895 /* paper-plane-7.png */ = {isa = PBXFileReference; lastKnownFileType = image.png; path = "paper-plane-7.png"; sourceTree = "<group>"; };
		9DC3ED111DE00C19008A7895 /* origami-7.png */ = {isa = PBXFileReference; lastKnownFileType = image.png; path = "origami-7.png"; sourceTree = "<group>"; };
		9DC3ED161DE01228008A7895 /* concert.jpg */ = {isa = PBXFileReference; lastKnownFileType = image.jpeg; path = concert.jpg; sourceTree = "<group>"; };
		9DC3ED181DE0127F008A7895 /* TrackViewController.swift */ = {isa = PBXFileReference; fileEncoding = 4; lastKnownFileType = sourcecode.swift; path = TrackViewController.swift; sourceTree = "<group>"; };
		9DE306491DDE7A60008280D5 /* Sign Along.app */ = {isa = PBXFileReference; explicitFileType = wrapper.application; includeInIndex = 0; path = "Sign Along.app"; sourceTree = BUILT_PRODUCTS_DIR; };
		9DE3064C1DDE7A60008280D5 /* AppDelegate.swift */ = {isa = PBXFileReference; lastKnownFileType = sourcecode.swift; path = AppDelegate.swift; sourceTree = "<group>"; };
		9DE306531DDE7A60008280D5 /* Base */ = {isa = PBXFileReference; lastKnownFileType = file.storyboard; name = Base; path = Base.lproj/Main.storyboard; sourceTree = "<group>"; };
		9DE306551DDE7A60008280D5 /* Assets.xcassets */ = {isa = PBXFileReference; lastKnownFileType = folder.assetcatalog; path = Assets.xcassets; sourceTree = "<group>"; };
		9DE306581DDE7A60008280D5 /* Base */ = {isa = PBXFileReference; lastKnownFileType = file.storyboard; name = Base; path = Base.lproj/LaunchScreen.storyboard; sourceTree = "<group>"; };
		9DE3065A1DDE7A60008280D5 /* Info.plist */ = {isa = PBXFileReference; lastKnownFileType = text.plist.xml; path = Info.plist; sourceTree = "<group>"; };
		9DE306601DDE7B13008280D5 /* EventsTableViewController.swift */ = {isa = PBXFileReference; fileEncoding = 4; lastKnownFileType = sourcecode.swift; path = EventsTableViewController.swift; sourceTree = "<group>"; };
		9DE3066A1DDE8583008280D5 /* Event.swift */ = {isa = PBXFileReference; fileEncoding = 4; lastKnownFileType = sourcecode.swift; path = Event.swift; sourceTree = "<group>"; };
		9DE3066E1DDE8618008280D5 /* EventTableViewCell.swift */ = {isa = PBXFileReference; fileEncoding = 4; lastKnownFileType = sourcecode.swift; path = EventTableViewCell.swift; sourceTree = "<group>"; };
		9DF9FECF1DF101430091CAC2 /* TrackContestTableViewCell.swift */ = {isa = PBXFileReference; fileEncoding = 4; lastKnownFileType = sourcecode.swift; path = TrackContestTableViewCell.swift; sourceTree = "<group>"; };
		9DF9FED11DF143250091CAC2 /* Track.swift */ = {isa = PBXFileReference; fileEncoding = 4; lastKnownFileType = sourcecode.swift; path = Track.swift; sourceTree = "<group>"; };
		9DF9FED31DF14AFE0091CAC2 /* jeffery.jpg */ = {isa = PBXFileReference; lastKnownFileType = image.jpeg; path = jeffery.jpg; sourceTree = "<group>"; };
		9DF9FED41DF14AFE0091CAC2 /* blurryface.jpg */ = {isa = PBXFileReference; lastKnownFileType = image.jpeg; path = blurryface.jpg; sourceTree = "<group>"; };
		9DF9FED51DF14AFE0091CAC2 /* starboy.jpg */ = {isa = PBXFileReference; lastKnownFileType = image.jpeg; path = starboy.jpg; sourceTree = "<group>"; };
		9DF9FED61DF14AFE0091CAC2 /* coloringbook.jpg */ = {isa = PBXFileReference; lastKnownFileType = image.jpeg; path = coloringbook.jpg; sourceTree = "<group>"; };
		9DF9FEDF1DF1607E0091CAC2 /* play.png */ = {isa = PBXFileReference; lastKnownFileType = image.png; path = play.png; sourceTree = "<group>"; };
		9DF9FEE31DF160850091CAC2 /* pause.png */ = {isa = PBXFileReference; lastKnownFileType = image.png; path = pause.png; sourceTree = "<group>"; };
		9DF9FEEF1DF173180091CAC2 /* signalonglogo.png */ = {isa = PBXFileReference; lastKnownFileType = image.png; path = signalonglogo.png; sourceTree = "<group>"; };
		9DF9FEF11DF176FB0091CAC2 /* AllNight.mp3 */ = {isa = PBXFileReference; lastKnownFileType = audio.mp3; path = AllNight.mp3; sourceTree = "<group>"; };
		9DFE636A1DEE50E900DA1139 /* youngthug2.jpg */ = {isa = PBXFileReference; lastKnownFileType = image.jpeg; path = youngthug2.jpg; sourceTree = "<group>"; };
		9DFE636B1DEE50E900DA1139 /* youngthug.jpg */ = {isa = PBXFileReference; lastKnownFileType = image.jpeg; path = youngthug.jpg; sourceTree = "<group>"; };
		9DFE636E1DEE520000DA1139 /* chance2.jpg */ = {isa = PBXFileReference; lastKnownFileType = image.jpeg; path = chance2.jpg; sourceTree = "<group>"; };
		9DFE636F1DEE520000DA1139 /* chance.jpg */ = {isa = PBXFileReference; lastKnownFileType = image.jpeg; path = chance.jpg; sourceTree = "<group>"; };
		9DFE63721DEE58CC00DA1139 /* weeknd2.jpg */ = {isa = PBXFileReference; lastKnownFileType = image.jpeg; path = weeknd2.jpg; sourceTree = "<group>"; };
		9DFE63731DEE58CC00DA1139 /* weeknd.jpg */ = {isa = PBXFileReference; lastKnownFileType = image.jpeg; path = weeknd.jpg; sourceTree = "<group>"; };
		9DFE63761DEE5A3200DA1139 /* pilots2.jpg */ = {isa = PBXFileReference; lastKnownFileType = image.jpeg; path = pilots2.jpg; sourceTree = "<group>"; };
		9DFE63771DEE5A3200DA1139 /* pilots.jpg */ = {isa = PBXFileReference; lastKnownFileType = image.jpeg; path = pilots.jpg; sourceTree = "<group>"; };
		9DFE637A1DEE5B3A00DA1139 /* pilots4.jpg */ = {isa = PBXFileReference; lastKnownFileType = image.jpeg; path = pilots4.jpg; sourceTree = "<group>"; };
		9DFE637B1DEE5B3A00DA1139 /* pilots3.jpg */ = {isa = PBXFileReference; lastKnownFileType = image.jpeg; path = pilots3.jpg; sourceTree = "<group>"; };
		9DFE637E1DEE60D000DA1139 /* FirstContestTableViewCell.swift */ = {isa = PBXFileReference; fileEncoding = 4; lastKnownFileType = sourcecode.swift; path = FirstContestTableViewCell.swift; sourceTree = "<group>"; };
		9DFE63801DEE637D00DA1139 /* SecondContestTableViewCell.swift */ = {isa = PBXFileReference; fileEncoding = 4; lastKnownFileType = sourcecode.swift; path = SecondContestTableViewCell.swift; sourceTree = "<group>"; };
		9DFE63821DEE63B600DA1139 /* ThirdContestTableViewCell.swift */ = {isa = PBXFileReference; fileEncoding = 4; lastKnownFileType = sourcecode.swift; path = ThirdContestTableViewCell.swift; sourceTree = "<group>"; };
		9DFE63841DEE647B00DA1139 /* ContestTableViewController.swift */ = {isa = PBXFileReference; fileEncoding = 4; lastKnownFileType = sourcecode.swift; path = ContestTableViewController.swift; sourceTree = "<group>"; };
		C58F753A5CD6178265C2266B /* Pods_Sign_Along.framework */ = {isa = PBXFileReference; explicitFileType = wrapper.framework; includeInIndex = 0; path = Pods_Sign_Along.framework; sourceTree = BUILT_PRODUCTS_DIR; };
/* End PBXFileReference section */

/* Begin PBXFrameworksBuildPhase section */
		9DE306461DDE7A60008280D5 /* Frameworks */ = {
			isa = PBXFrameworksBuildPhase;
			buildActionMask = 2147483647;
			files = (
				9D7023FB1DEEB07A00D06AB5 /* UIKit.framework in Frameworks */,
				9D7023F91DEEB06B00D06AB5 /* AVFoundation.framework in Frameworks */,
				C452505A528E6368666077F1 /* Pods_Sign_Along.framework in Frameworks */,
			);
			runOnlyForDeploymentPostprocessing = 0;
		};
/* End PBXFrameworksBuildPhase section */

/* Begin PBXGroup section */
		2DCFC89327BB8B93F2AC6FE0 /* Frameworks */ = {
			isa = PBXGroup;
			children = (
				9D65D75C1DF2A18D00156AC5 /* JSQMessagesViewController.framework */,
				C58F753A5CD6178265C2266B /* Pods_Sign_Along.framework */,
			);
			name = Frameworks;
			sourceTree = "<group>";
		};
		32EB1C1C1E5C3B01187B735A /* Pods */ = {
			isa = PBXGroup;
			children = (
				64F0984E25E5C8E9C69F884D /* Pods-Sign Along.debug.xcconfig */,
				322DB32CA7021EE16C10009D /* Pods-Sign Along.release.xcconfig */,
			);
			name = Pods;
			sourceTree = "<group>";
		};
		9D66C56E1DF8F9BB004052CA /* dislike.imageset */ = {
			isa = PBXGroup;
			children = (
				9D66C56F1DF8F9BB004052CA /* btn_skip_normal@2x.png */,
				9D66C5701DF8F9BB004052CA /* btn_skip_normal@3x.png */,
				9D66C5711DF8F9BB004052CA /* Contents.json */,
			);
			name = dislike.imageset;
			path = Assets.xcassets/dislike.imageset;
			sourceTree = "<group>";
		};
		9D66C5751DF8F9C6004052CA /* like.imageset */ = {
			isa = PBXGroup;
			children = (
				9D66C5761DF8F9C6004052CA /* btn_like_normal@2x.png */,
				9D66C5771DF8F9C6004052CA /* btn_like_normal@3x.png */,
				9D66C5781DF8F9C6004052CA /* Contents.json */,
			);
			name = like.imageset;
			path = Assets.xcassets/like.imageset;
			sourceTree = "<group>";
		};
		9D80C0831DF2F73600A2450E /* Controller */ = {
			isa = PBXGroup;
			children = (
				9D66C56C1DF8EBDA004052CA /* VoteViewController.swift */,
				9DC04CCE1DF8C3D50011A465 /* VideoController.swift */,
				9D7023FC1DEEF29E00D06AB5 /* UserEventsTableViewController.swift */,
				9D7024001DEEF79900D06AB5 /* UserContestTableViewController.swift */,
				9D80C0881DF2FD8C00A2450E /* AllSubmissionsCollectionViewController.swift */,
				9D80C0791DF2EA4500A2450E /* PhotoStreamViewController.swift */,
				9D66C5981DF92A8A004052CA /* UserProfileViewController.swift */,
				9D66C5901DF91488004052CA /* AllContestSubmissions.swift */,
				9DE306601DDE7B13008280D5 /* EventsTableViewController.swift */,
				9DFE63841DEE647B00DA1139 /* ContestTableViewController.swift */,
				9DC3ED181DE0127F008A7895 /* TrackViewController.swift */,
				9D65D7581DF28F4100156AC5 /* MessagesListTableViewController.swift */,
				9D425EE41DF7A16700211499 /* UserMessagesListTableViewController.swift */,
				9D65D75A1DF2975000156AC5 /* ChatViewController.swift */,
				9D2F622A1DE3DFCF00418809 /* LoginViewController.swift */,
			);
			name = Controller;
			sourceTree = "<group>";
		};
		9D80C0841DF2F77300A2450E /* Images */ = {
			isa = PBXGroup;
			children = (
				9DA099881DFA781600F2CE62 /* Profile Pics */,
				9DA099891DFA783000F2CE62 /* Thumbnails */,
				9DA099B21DFA811500F2CE62 /* Artists */,
				9DA099B31DFA813700F2CE62 /* Albums */,
				9DF9FEEF1DF173180091CAC2 /* signalonglogo.png */,
				9D2F62281DE3DF7A00418809 /* sign.png */,
				9DC3ED161DE01228008A7895 /* concert.jpg */,
				9D2F62261DE3DF7300418809 /* city.jpeg */,
				9DA099BE1DFAA57300F2CE62 /* Icons */,
			);
			name = Images;
			sourceTree = "<group>";
		};
		9D80C0851DF2FA0100A2450E /* Extensions */ = {
			isa = PBXGroup;
			children = (
				9D80C0811DF2EBCA00A2450E /* UIImage+Decompression.swift */,
			);
			name = Extensions;
			sourceTree = "<group>";
		};
		9D80C0861DF2FA3400A2450E /* Views */ = {
			isa = PBXGroup;
			children = (
				9D425EDE1DF798F700211499 /* FirstUserContestCell.swift */,
				9D425EE01DF7999400211499 /* SecondUserContestCell.swift */,
				9D425EE21DF799F500211499 /* ThirdUserContestCell.swift */,
				9D7023FE1DEEF4DA00D06AB5 /* UserEventTableViewCell.swift */,
				9D80C07B1DF2EA5100A2450E /* AnnotatedPhotoCell.swift */,
				9D66C59C1DF92BEE004052CA /* AnnotatedPhotoCell2.swift */,
				9D80C08A1DF2FFA400A2450E /* AnnotatedVidCell.swift */,
				9D2E316D1DF2C4B400121381 /* MessageTableViewCell.swift */,
				9D2E316F1DF2D1BF00121381 /* InterpreterProfileHeaderView.swift */,
				9D66C59A1DF92B1F004052CA /* InterpreterProfileHeaderView2.swift */,
				9D66C5921DF91521004052CA /* ContestHeaderView.swift */,
				9DE3066E1DDE8618008280D5 /* EventTableViewCell.swift */,
				9DF9FECF1DF101430091CAC2 /* TrackContestTableViewCell.swift */,
				9D7024061DEF00F400D06AB5 /* FirstSubmissionTableViewCell.swift */,
				9D384BF01DEF027200E32A66 /* SecondSubmissionTableViewCell.swift */,
				9D384BF21DEF02A100E32A66 /* ThirdSubmissionTableViewCell.swift */,
				9D66C5961DF91905004052CA /* AnnotatedSubmissionCell.swift */,
				9D66C57C1DF903F0004052CA /* FifthUserContestCell.swift */,
			);
			name = Views;
			sourceTree = "<group>";
		};
		9D80C0871DF2FB0C00A2450E /* Other */ = {
			isa = PBXGroup;
			children = (
				9DE3064C1DDE7A60008280D5 /* AppDelegate.swift */,
			);
			name = Other;
			sourceTree = "<group>";
		};
		9DA099881DFA781600F2CE62 /* Profile Pics */ = {
			isa = PBXGroup;
			children = (
				9DA099A11DFA80FA00F2CE62 /* erik.jpg */,
				9DA0999C1DFA80FA00F2CE62 /* calysta.jpg */,
				9DA0999A1DFA80FA00F2CE62 /* daniel.jpg */,
				9DA099981DFA80FA00F2CE62 /* mrTaz.jpg */,
				9DA099771DFA780C00F2CE62 /* sam.png */,
				9DA099791DFA780C00F2CE62 /* kass.jpg */,
				9DA0997C1DFA780C00F2CE62 /* max.png */,
				9D66C58E1DF91168004052CA /* molly.jpg */,
				9DC04CF01DF8E1420011A465 /* anissa.png */,
				9DC04CF21DF8E19A0011A465 /* libbey.jpg */,
				9DC04CC21DF8C15D0011A465 /* amber.jpg */,
				9DC04CC11DF8C15D0011A465 /* amber2.png */,
				9DC04CD21DF8CBF20011A465 /* amber3.jpg */,
				9DC04CDE1DF8D46E0011A465 /* team03.jpg */,
				9DC04CDF1DF8D46E0011A465 /* team02.jpg */,
				9DC04CE01DF8D46E0011A465 /* team01.jpg */,
				9DC04CE11DF8D46E0011A465 /* team04.jpg */,
				9DC04CDA1DF8D45D0011A465 /* stock1.jpg */,
				9DC04CDB1DF8D45D0011A465 /* stock2.jpg */,
			);
			name = "Profile Pics";
			sourceTree = "<group>";
		};
		9DA099891DFA783000F2CE62 /* Thumbnails */ = {
			isa = PBXGroup;
			children = (
				9DA0999F1DFA80FA00F2CE62 /* earnedIt_calysta_thumbnail.png */,
				9DA099A21DFA80FA00F2CE62 /* earnedIt_erik_thumbnail.png */,
				9DA0999B1DFA80FA00F2CE62 /* cantFeelMyFace_daniel_thumbnail.png */,
				9DA099991DFA80FA00F2CE62 /* earnedIt_mrTaz_thumbnail.png */,
				9DA099781DFA780C00F2CE62 /* SundayCandy_sam_thumbnail.png */,
				9DA0997A1DFA780C00F2CE62 /* CocoaButterKisses_kass_thumbnail.png */,
				9DA0997B1DFA780C00F2CE62 /* SundayCandy_max_thumbnail.png */,
				9D66C5801DF90FD5004052CA /* RidinSolo_mbart_thumbnail.png */,
				9DC04CE81DF8DF6F0011A465 /* StressedOut_anissa_thumbnail.png */,
				9DC04CD71DF8CFE50011A465 /* StressedOut_thumbnail.png */,
				9DC04CC31DF8C15D0011A465 /* RapGod_thumbnail.png */,
				9DC04CEA1DF8DF6F0011A465 /* Heathens_libbey_thumbnail.png */,
				9D66C5841DF90FD6004052CA /* MarryMe_amber_thumbnail.png */,
				9DC04CC41DF8C15D0011A465 /* Anaconda_thumbnail.png */,
				9D66C57E1DF90FD5004052CA /* TalkDirty_libbey_thumbnail.png */,
				9DA099B41DFA886000F2CE62 /* TalkDirty_anissa_thumbnail.png */,
			);
			name = Thumbnails;
			sourceTree = "<group>";
		};
		9DA099B21DFA811500F2CE62 /* Artists */ = {
			isa = PBXGroup;
			children = (
				9DA0998A1DFA79D700F2CE62 /* jason7.jpg */,
				9DA0998B1DFA79D700F2CE62 /* jason6.jpg */,
				9DA0998C1DFA79D700F2CE62 /* jason5.jpg */,
				9DA0998D1DFA79D700F2CE62 /* jason4.jpg */,
				9DA0996D1DFA748D00F2CE62 /* jason3.jpg */,
				9DA0996E1DFA748D00F2CE62 /* jason2.jpg */,
				9DA0996F1DFA748D00F2CE62 /* jason.jpg */,
				9DFE63761DEE5A3200DA1139 /* pilots2.jpg */,
				9DFE636B1DEE50E900DA1139 /* youngthug.jpg */,
				9DFE63771DEE5A3200DA1139 /* pilots.jpg */,
				9DFE637A1DEE5B3A00DA1139 /* pilots4.jpg */,
				9DFE63721DEE58CC00DA1139 /* weeknd2.jpg */,
				9DFE636E1DEE520000DA1139 /* chance2.jpg */,
				9DFE636F1DEE520000DA1139 /* chance.jpg */,
				9DFE636A1DEE50E900DA1139 /* youngthug2.jpg */,
				9DFE63731DEE58CC00DA1139 /* weeknd.jpg */,
				9DFE637B1DEE5B3A00DA1139 /* pilots3.jpg */,
			);
			name = Artists;
			sourceTree = "<group>";
		};
		9DA099B31DFA813700F2CE62 /* Albums */ = {
			isa = PBXGroup;
			children = (
				9DA099931DFA7A5200F2CE62 /* surfAlbum.jpg */,
				9DA099921DFA7A5200F2CE62 /* acidRapAlbum.jpg */,
				9DA099971DFA80FA00F2CE62 /* EarnedItAlbum.jpg */,
				9DA099961DFA80FA00F2CE62 /* BeautyBehindtheMadnessAlbum.png */,
				9DC04CE61DF8DF6F0011A465 /* suicidesquad.jpg */,
				9DA0996C1DFA748D00F2CE62 /* talkDirtyAlbum.png */,
				9DA0996A1DFA748D00F2CE62 /* tattoosAlbum.jpg */,
				9DA0996B1DFA748D00F2CE62 /* jasonDeruloAlbum.jpg */,
				9DF9FED41DF14AFE0091CAC2 /* blurryface.jpg */,
				9DF9FED61DF14AFE0091CAC2 /* coloringbook.jpg */,
				9DF9FED31DF14AFE0091CAC2 /* jeffery.jpg */,
				9DF9FED51DF14AFE0091CAC2 /* starboy.jpg */,
			);
			name = Albums;
			sourceTree = "<group>";
		};
		9DA099BE1DFAA57300F2CE62 /* Icons */ = {
			isa = PBXGroup;
			children = (
				9DA099C71DFAC23000F2CE62 /* Menu-30.png */,
				9DA099B81DFA9B1800F2CE62 /* play3.png */,
				9DA099B91DFA9B1800F2CE62 /* play2.png */,
				9DA099BA1DFA9B1800F2CE62 /* play1.png */,
				9DF9FEDF1DF1607E0091CAC2 /* play.png */,
				9DF9FEE31DF160850091CAC2 /* pause.png */,
				9DC3ED101DE00C19008A7895 /* paper-plane-7.png */,
				9DC3ED0F1DE00C19008A7895 /* video-camera-7.png */,
				9D384BF41DEF082600E32A66 /* thumbs-up-256.png */,
				9DC3ED0A1DDFEAD2008A7895 /* home-7.png */,
				9DC3ED0E1DE00C19008A7895 /* music-7.png */,
				9DC3ED111DE00C19008A7895 /* origami-7.png */,
				9DC3ED0C1DDFF865008A7895 /* circle-user-7.png */,
			);
			name = Icons;
			sourceTree = "<group>";
		};
		9DA099D11DFAC54800F2CE62 /* Music */ = {
			isa = PBXGroup;
			children = (
				9DA099D31DFAC90500F2CE62 /* WyclefJean.mp3 */,
				9DA099D41DFAC90500F2CE62 /* Heathens.mp3 */,
				9DA099D51DFAC90500F2CE62 /* HeavyDirtySoul.mp3 */,
				9DA099D61DFAC90500F2CE62 /* CantFeelMyFace.mp3 */,
				9DA099D71DFAC90500F2CE62 /* EarnedIt.mp3 */,
				9DA099D81DFAC90500F2CE62 /* CocoaButterKisses.mp3 */,
				9DA099D91DFAC90500F2CE62 /* MarryMe.mp3 */,
				9DA099DA1DFAC90500F2CE62 /* RidinSolo.mp3 */,
				9DA099DB1DFAC90500F2CE62 /* SundayCandy.mp3 */,
				9DA099D21DFAC90500F2CE62 /* PickUpThePhone.mp3 */,
				9DA099C91DFAC53900F2CE62 /* StressedOut.mp3 */,
				9DA099CA1DFAC53900F2CE62 /* Starboy.mp3 */,
				9DA099CB1DFAC53900F2CE62 /* RiRi.mp3 */,
				9DA099CC1DFAC53900F2CE62 /* TalkDirty.mp3 */,
				9DF9FEF11DF176FB0091CAC2 /* AllNight.mp3 */,
			);
			name = Music;
			sourceTree = "<group>";
		};
		9DC04CCD1DF8C1790011A465 /* Videos */ = {
			isa = PBXGroup;
			children = (
				9DA0999D1DFA80FA00F2CE62 /* EarnedIt_mrTaz.mp4 */,
				9DA0999E1DFA80FA00F2CE62 /* CantFeelMyFace_daniel.mp4 */,
				9DA099A01DFA80FA00F2CE62 /* EarnedIt_calysta.mp4 */,
				9DA099A31DFA80FA00F2CE62 /* EarnedIt_erik.mp4 */,
				9DA0997E1DFA780C00F2CE62 /* SundayCandy_max.mp4 */,
				9DA099761DFA780C00F2CE62 /* SundayCandy_sam.mp4 */,
				9DA0997D1DFA780C00F2CE62 /* CocoaButterKisses_kass.mp4 */,
				9D66C5811DF90FD5004052CA /* RidinSolo_mbart.mp4 */,
				9D66C57F1DF90FD5004052CA /* TalkDirty_libbey.mp4 */,
				9DC04CE91DF8DF6F0011A465 /* Heathens_libbey.mp4 */,
				9DC04CE71DF8DF6F0011A465 /* StressedOut_anissa.mp4 */,
				9D66C5831DF90FD6004052CA /* TalkDirty_anissa.mp4 */,
				9D66C5851DF90FD6004052CA /* MarryMe_amber.mp4 */,
				9DC04CD61DF8CFE50011A465 /* StressedOut_Amber.mp4 */,
				9DC04CC51DF8C15D0011A465 /* Anaconda_Amber.mp4 */,
				9DC04CC61DF8C15D0011A465 /* RapGod_Amber.mp4 */,
			);
			name = Videos;
			sourceTree = "<group>";
		};
		9DE306401DDE7A60008280D5 = {
			isa = PBXGroup;
			children = (
				9D7023FA1DEEB07A00D06AB5 /* UIKit.framework */,
				9D7023F81DEEB06B00D06AB5 /* AVFoundation.framework */,
				9DE3064B1DDE7A60008280D5 /* Sign Along */,
				9DE3064A1DDE7A60008280D5 /* Products */,
				2DCFC89327BB8B93F2AC6FE0 /* Frameworks */,
				32EB1C1C1E5C3B01187B735A /* Pods */,
			);
			sourceTree = "<group>";
		};
		9DE3064A1DDE7A60008280D5 /* Products */ = {
			isa = PBXGroup;
			children = (
				9DE306491DDE7A60008280D5 /* Sign Along.app */,
			);
			name = Products;
			sourceTree = "<group>";
		};
		9DE3064B1DDE7A60008280D5 /* Sign Along */ = {
			isa = PBXGroup;
			children = (
				9DA099C11DFAA87500F2CE62 /* TrackTableViewCell.swift */,
				9DA099BF1DFAA86900F2CE62 /* TracklistTableViewController.swift */,
				9DA099B61DFA99A700F2CE62 /* sign_along_logo.png */,
				9DC04CD41DF8CDA80011A465 /* profBackground.jpg */,
				9DA099D11DFAC54800F2CE62 /* Music */,
				9DC04CCD1DF8C1790011A465 /* Videos */,
				9D80C0841DF2F77300A2450E /* Images */,
				9D66C5751DF8F9C6004052CA /* like.imageset */,
				9D66C56E1DF8F9BB004052CA /* dislike.imageset */,
				9DC04CD01DF8C9FC0011A465 /* lolla.jpg */,
				9D80C0851DF2FA0100A2450E /* Extensions */,
				9D80C07D1DF2EA5200A2450E /* Photos.plist */,
				9DE306551DDE7A60008280D5 /* Assets.xcassets */,
				9DF37C971DF2804800663389 /* Model */,
				9D80C0861DF2FA3400A2450E /* Views */,
				9D80C0831DF2F73600A2450E /* Controller */,
				9DE306521DDE7A60008280D5 /* Main.storyboard */,
				9D80C0871DF2FB0C00A2450E /* Other */,
				9DE306571DDE7A60008280D5 /* LaunchScreen.storyboard */,
				9D7024041DEEFEB400D06AB5 /* SubmissionTableViewController.swift */,
				9D80C0731DF2D64500A2450E /* InterpreterProfileViewController.swift */,
				9DFE63821DEE63B600DA1139 /* ThirdContestTableViewCell.swift */,
				9DFE63801DEE637D00DA1139 /* SecondContestTableViewCell.swift */,
				9DFE637E1DEE60D000DA1139 /* FirstContestTableViewCell.swift */,
				9DA099E61DFADC8E00F2CE62 /* TrackTableViewController.swift */,
				9DE3065A1DDE7A60008280D5 /* Info.plist */,
			);
			path = "Sign Along";
			sourceTree = "<group>";
		};
		9DF37C971DF2804800663389 /* Model */ = {
			isa = PBXGroup;
			children = (
				9DE3066A1DDE8583008280D5 /* Event.swift */,
				9D2F62201DE31EBE00418809 /* VideoItem.swift */,
				9DF9FED11DF143250091CAC2 /* Track.swift */,
			);
			name = Model;
			sourceTree = "<group>";
		};
/* End PBXGroup section */

/* Begin PBXNativeTarget section */
		9DE306481DDE7A60008280D5 /* Sign Along */ = {
			isa = PBXNativeTarget;
			buildConfigurationList = 9DE3065D1DDE7A60008280D5 /* Build configuration list for PBXNativeTarget "Sign Along" */;
			buildPhases = (
				7DE0F4A061BA3E2F58E4FBD4 /* [CP] Check Pods Manifest.lock */,
				9DE306451DDE7A60008280D5 /* Sources */,
				9DE306461DDE7A60008280D5 /* Frameworks */,
				9DE306471DDE7A60008280D5 /* Resources */,
				9D65D7601DF2A19F00156AC5 /* Embed Frameworks */,
				70D46C46F311403D398ED4C2 /* [CP] Embed Pods Frameworks */,
				E66A802E241164117BA58CED /* [CP] Copy Pods Resources */,
			);
			buildRules = (
			);
			dependencies = (
			);
			name = "Sign Along";
			productName = "Sign Along";
			productReference = 9DE306491DDE7A60008280D5 /* Sign Along.app */;
			productType = "com.apple.product-type.application";
		};
/* End PBXNativeTarget section */

/* Begin PBXProject section */
		9DE306411DDE7A60008280D5 /* Project object */ = {
			isa = PBXProject;
			attributes = {
				LastSwiftUpdateCheck = 0730;
				LastUpgradeCheck = 0730;
				ORGANIZATIONNAME = Stanford;
				TargetAttributes = {
					9DE306481DDE7A60008280D5 = {
						CreatedOnToolsVersion = 7.3.1;
						DevelopmentTeam = 84Y59RJMZ3;
					};
				};
			};
			buildConfigurationList = 9DE306441DDE7A60008280D5 /* Build configuration list for PBXProject "Sign Along" */;
			compatibilityVersion = "Xcode 3.2";
			developmentRegion = English;
			hasScannedForEncodings = 0;
			knownRegions = (
				en,
				Base,
			);
			mainGroup = 9DE306401DDE7A60008280D5;
			productRefGroup = 9DE3064A1DDE7A60008280D5 /* Products */;
			projectDirPath = "";
			projectRoot = "";
			targets = (
				9DE306481DDE7A60008280D5 /* Sign Along */,
			);
		};
/* End PBXProject section */

/* Begin PBXResourcesBuildPhase section */
		9DE306471DDE7A60008280D5 /* Resources */ = {
			isa = PBXResourcesBuildPhase;
			buildActionMask = 2147483647;
			files = (
				9DFE636D1DEE50E900DA1139 /* youngthug.jpg in Resources */,
				9DFE63781DEE5A3200DA1139 /* pilots2.jpg in Resources */,
				9DA099801DFA780C00F2CE62 /* sam.png in Resources */,
				9DC04CEE1DF8DF6F0011A465 /* Heathens_libbey.mp4 in Resources */,
				9DA099E31DFAC90500F2CE62 /* MarryMe.mp3 in Resources */,
				9DC04CD91DF8CFE50011A465 /* StressedOut_thumbnail.png in Resources */,
				9D66C58D1DF90FD6004052CA /* MarryMe_amber.mp4 in Resources */,
				9D384BF51DEF082600E32A66 /* thumbs-up-256.png in Resources */,
				9DE306591DDE7A60008280D5 /* LaunchScreen.storyboard in Resources */,
				9DA0998F1DFA79D700F2CE62 /* jason6.jpg in Resources */,
				9D66C57A1DF8F9C6004052CA /* btn_like_normal@3x.png in Resources */,
				9DA099731DFA748D00F2CE62 /* jason3.jpg in Resources */,
				9DA0997F1DFA780C00F2CE62 /* SundayCandy_sam.mp4 in Resources */,
				9DA099DD1DFAC90500F2CE62 /* WyclefJean.mp3 in Resources */,
				9D66C58B1DF90FD6004052CA /* TalkDirty_anissa.mp4 in Resources */,
				9D66C58F1DF91168004052CA /* molly.jpg in Resources */,
				9DA099CE1DFAC53900F2CE62 /* Starboy.mp3 in Resources */,
				9DC3ED0B1DDFEAD2008A7895 /* home-7.png in Resources */,
				9D66C5861DF90FD6004052CA /* TalkDirty_libbey_thumbnail.png in Resources */,
				9DA099AA1DFA80FA00F2CE62 /* calysta.jpg in Resources */,
				9DA099DC1DFAC90500F2CE62 /* PickUpThePhone.mp3 in Resources */,
				9DC04CED1DF8DF6F0011A465 /* StressedOut_anissa_thumbnail.png in Resources */,
				9DFE63741DEE58CC00DA1139 /* weeknd2.jpg in Resources */,
				9DA099A41DFA80FA00F2CE62 /* BeautyBehindtheMadnessAlbum.png in Resources */,
				9DF9FED71DF14AFE0091CAC2 /* jeffery.jpg in Resources */,
				9DE306561DDE7A60008280D5 /* Assets.xcassets in Resources */,
				9D66C5731DF8F9BB004052CA /* btn_skip_normal@3x.png in Resources */,
				9DC04CCA1DF8C15D0011A465 /* Anaconda_thumbnail.png in Resources */,
				9DA099BB1DFA9B1800F2CE62 /* play3.png in Resources */,
				9DC04CEF1DF8DF6F0011A465 /* Heathens_libbey_thumbnail.png in Resources */,
				9DFE637C1DEE5B3A00DA1139 /* pilots4.jpg in Resources */,
				9DA099901DFA79D700F2CE62 /* jason5.jpg in Resources */,
				9DA099A61DFA80FA00F2CE62 /* mrTaz.jpg in Resources */,
				9DA099741DFA748D00F2CE62 /* jason2.jpg in Resources */,
				9DA099AF1DFA80FA00F2CE62 /* erik.jpg in Resources */,
				9DA099A81DFA80FA00F2CE62 /* daniel.jpg in Resources */,
				9DC04CCC1DF8C15D0011A465 /* RapGod_Amber.mp4 in Resources */,
				9DA099851DFA780C00F2CE62 /* max.png in Resources */,
				9DC04CD51DF8CDA80011A465 /* profBackground.jpg in Resources */,
				9DC04CF11DF8E1420011A465 /* anissa.png in Resources */,
				9DA099E51DFAC90500F2CE62 /* SundayCandy.mp3 in Resources */,
				9DC3ED171DE01228008A7895 /* concert.jpg in Resources */,
				9DC3ED121DE00C19008A7895 /* music-7.png in Resources */,
				9DC04CD31DF8CBF20011A465 /* amber3.jpg in Resources */,
				9DC04CD81DF8CFE50011A465 /* StressedOut_Amber.mp4 in Resources */,
				9DA099A71DFA80FA00F2CE62 /* earnedIt_mrTaz_thumbnail.png in Resources */,
				9DC04CC81DF8C15D0011A465 /* amber.jpg in Resources */,
				9DF9FEE41DF160850091CAC2 /* pause.png in Resources */,
				9DC04CE41DF8D46E0011A465 /* team01.jpg in Resources */,
				9DA099B01DFA80FA00F2CE62 /* earnedIt_erik_thumbnail.png in Resources */,
				9DC3ED141DE00C19008A7895 /* paper-plane-7.png in Resources */,
				9DF9FEDA1DF14AFE0091CAC2 /* coloringbook.jpg in Resources */,
				9DC04CC91DF8C15D0011A465 /* RapGod_thumbnail.png in Resources */,
				9DFE63791DEE5A3200DA1139 /* pilots.jpg in Resources */,
				9DC04CE21DF8D46E0011A465 /* team03.jpg in Resources */,
				9DA099811DFA780C00F2CE62 /* SundayCandy_sam_thumbnail.png in Resources */,
				9D66C5721DF8F9BB004052CA /* btn_skip_normal@2x.png in Resources */,
				9DA099B11DFA80FA00F2CE62 /* EarnedIt_erik.mp4 in Resources */,
				9DFE637D1DEE5B3A00DA1139 /* pilots3.jpg in Resources */,
				9DC04CDC1DF8D45D0011A465 /* stock1.jpg in Resources */,
				9DA099AB1DFA80FA00F2CE62 /* EarnedIt_mrTaz.mp4 in Resources */,
				9D66C5791DF8F9C6004052CA /* btn_like_normal@2x.png in Resources */,
				9DFE63701DEE520000DA1139 /* chance2.jpg in Resources */,
				9DC04CDD1DF8D45D0011A465 /* stock2.jpg in Resources */,
				9DFE636C1DEE50E900DA1139 /* youngthug2.jpg in Resources */,
				9D66C58C1DF90FD6004052CA /* MarryMe_amber_thumbnail.png in Resources */,
				9DFE63751DEE58CC00DA1139 /* weeknd.jpg in Resources */,
				9DA099BC1DFA9B1800F2CE62 /* play2.png in Resources */,
				9DA099751DFA748D00F2CE62 /* jason.jpg in Resources */,
				9DF9FEF01DF173180091CAC2 /* signalonglogo.png in Resources */,
				9DF9FEE21DF1607E0091CAC2 /* play.png in Resources */,
				9D66C5741DF8F9BB004052CA /* Contents.json in Resources */,
				9D2F62271DE3DF7300418809 /* city.jpeg in Resources */,
				9DC04CE51DF8D46E0011A465 /* team04.jpg in Resources */,
				9DA099D01DFAC53900F2CE62 /* TalkDirty.mp3 in Resources */,
				9DA099AC1DFA80FA00F2CE62 /* CantFeelMyFace_daniel.mp4 in Resources */,
				9DA099CF1DFAC53900F2CE62 /* RiRi.mp3 in Resources */,
				9DC3ED151DE00C19008A7895 /* origami-7.png in Resources */,
				9DA099C81DFAC23000F2CE62 /* Menu-30.png in Resources */,
				9DA099941DFA7A5200F2CE62 /* acidRapAlbum.jpg in Resources */,
				9DA099AE1DFA80FA00F2CE62 /* EarnedIt_calysta.mp4 in Resources */,
				9DA099871DFA780C00F2CE62 /* SundayCandy_max.mp4 in Resources */,
				9DA099841DFA780C00F2CE62 /* SundayCandy_max_thumbnail.png in Resources */,
				9DA099AD1DFA80FA00F2CE62 /* earnedIt_calysta_thumbnail.png in Resources */,
				9DC04CF31DF8E19A0011A465 /* libbey.jpg in Resources */,
				9DA099B51DFA886000F2CE62 /* TalkDirty_anissa_thumbnail.png in Resources */,
				9D80C0801DF2EA5200A2450E /* Photos.plist in Resources */,
				9D66C5871DF90FD6004052CA /* TalkDirty_libbey.mp4 in Resources */,
				9DA099E11DFAC90500F2CE62 /* EarnedIt.mp3 in Resources */,
				9DA099CD1DFAC53900F2CE62 /* StressedOut.mp3 in Resources */,
				9DA099721DFA748D00F2CE62 /* talkDirtyAlbum.png in Resources */,
				9DFE63711DEE520000DA1139 /* chance.jpg in Resources */,
				9DA099E41DFAC90500F2CE62 /* RidinSolo.mp3 in Resources */,
				9DA099E01DFAC90500F2CE62 /* CantFeelMyFace.mp3 in Resources */,
				9DC04CCB1DF8C15D0011A465 /* Anaconda_Amber.mp4 in Resources */,
				9DA099DE1DFAC90500F2CE62 /* Heathens.mp3 in Resources */,
				9DC04CC71DF8C15D0011A465 /* amber2.png in Resources */,
				9DA0998E1DFA79D700F2CE62 /* jason7.jpg in Resources */,
				9DC04CEC1DF8DF6F0011A465 /* StressedOut_anissa.mp4 in Resources */,
				9DA099911DFA79D700F2CE62 /* jason4.jpg in Resources */,
				9DC04CD11DF8C9FC0011A465 /* lolla.jpg in Resources */,
				9DC04CEB1DF8DF6F0011A465 /* suicidesquad.jpg in Resources */,
				9D2F62291DE3DF7A00418809 /* sign.png in Resources */,
				9DA099951DFA7A5200F2CE62 /* surfAlbum.jpg in Resources */,
				9DF9FED81DF14AFE0091CAC2 /* blurryface.jpg in Resources */,
				9DA099711DFA748D00F2CE62 /* jasonDeruloAlbum.jpg in Resources */,
				9DC04CE31DF8D46E0011A465 /* team02.jpg in Resources */,
				9DA099BD1DFA9B1800F2CE62 /* play1.png in Resources */,
				9DF9FED91DF14AFE0091CAC2 /* starboy.jpg in Resources */,
				9DC3ED0D1DDFF865008A7895 /* circle-user-7.png in Resources */,
				9DF9FEF21DF176FB0091CAC2 /* AllNight.mp3 in Resources */,
				9DA099DF1DFAC90500F2CE62 /* HeavyDirtySoul.mp3 in Resources */,
				9DA099A91DFA80FA00F2CE62 /* cantFeelMyFace_daniel_thumbnail.png in Resources */,
				9D66C5881DF90FD6004052CA /* RidinSolo_mbart_thumbnail.png in Resources */,
				9DA099E21DFAC90500F2CE62 /* CocoaButterKisses.mp3 in Resources */,
				9DA099861DFA780C00F2CE62 /* CocoaButterKisses_kass.mp4 in Resources */,
				9D66C5891DF90FD6004052CA /* RidinSolo_mbart.mp4 in Resources */,
				9DC3ED131DE00C19008A7895 /* video-camera-7.png in Resources */,
				9DA099831DFA780C00F2CE62 /* CocoaButterKisses_kass_thumbnail.png in Resources */,
				9DA099701DFA748D00F2CE62 /* tattoosAlbum.jpg in Resources */,
				9DA099B71DFA99A700F2CE62 /* sign_along_logo.png in Resources */,
				9DA099A51DFA80FA00F2CE62 /* EarnedItAlbum.jpg in Resources */,
				9DE306541DDE7A60008280D5 /* Main.storyboard in Resources */,
				9DA099821DFA780C00F2CE62 /* kass.jpg in Resources */,
			);
			runOnlyForDeploymentPostprocessing = 0;
		};
/* End PBXResourcesBuildPhase section */

/* Begin PBXShellScriptBuildPhase section */
		70D46C46F311403D398ED4C2 /* [CP] Embed Pods Frameworks */ = {
			isa = PBXShellScriptBuildPhase;
			buildActionMask = 2147483647;
			files = (
			);
			inputPaths = (
			);
			name = "[CP] Embed Pods Frameworks";
			outputPaths = (
			);
			runOnlyForDeploymentPostprocessing = 0;
			shellPath = /bin/sh;
			shellScript = "\"${SRCROOT}/Pods/Target Support Files/Pods-Sign Along/Pods-Sign Along-frameworks.sh\"\n";
			showEnvVarsInLog = 0;
		};
		7DE0F4A061BA3E2F58E4FBD4 /* [CP] Check Pods Manifest.lock */ = {
			isa = PBXShellScriptBuildPhase;
			buildActionMask = 2147483647;
			files = (
			);
			inputPaths = (
			);
			name = "[CP] Check Pods Manifest.lock";
			outputPaths = (
			);
			runOnlyForDeploymentPostprocessing = 0;
			shellPath = /bin/sh;
			shellScript = "diff \"${PODS_ROOT}/../Podfile.lock\" \"${PODS_ROOT}/Manifest.lock\" > /dev/null\nif [ $? != 0 ] ; then\n    # print error to STDERR\n    echo \"error: The sandbox is not in sync with the Podfile.lock. Run 'pod install' or update your CocoaPods installation.\" >&2\n    exit 1\nfi\n";
			showEnvVarsInLog = 0;
		};
		E66A802E241164117BA58CED /* [CP] Copy Pods Resources */ = {
			isa = PBXShellScriptBuildPhase;
			buildActionMask = 2147483647;
			files = (
			);
			inputPaths = (
			);
			name = "[CP] Copy Pods Resources";
			outputPaths = (
			);
			runOnlyForDeploymentPostprocessing = 0;
			shellPath = /bin/sh;
			shellScript = "\"${SRCROOT}/Pods/Target Support Files/Pods-Sign Along/Pods-Sign Along-resources.sh\"\n";
			showEnvVarsInLog = 0;
		};
/* End PBXShellScriptBuildPhase section */

/* Begin PBXSourcesBuildPhase section */
		9DE306451DDE7A60008280D5 /* Sources */ = {
			isa = PBXSourcesBuildPhase;
			buildActionMask = 2147483647;
			files = (
				9DE3066F1DDE8618008280D5 /* EventTableViewCell.swift in Sources */,
				9DFE63851DEE647B00DA1139 /* ContestTableViewController.swift in Sources */,
				9D66C5911DF91488004052CA /* AllContestSubmissions.swift in Sources */,
				9D7023FF1DEEF4DA00D06AB5 /* UserEventTableViewCell.swift in Sources */,
				9D80C0891DF2FD8C00A2450E /* AllSubmissionsCollectionViewController.swift in Sources */,
				9DA099E71DFADC8E00F2CE62 /* TrackTableViewController.swift in Sources */,
				9D2E316E1DF2C4B400121381 /* MessageTableViewCell.swift in Sources */,
				9D80C08B1DF2FFA400A2450E /* AnnotatedVidCell.swift in Sources */,
				9D66C56D1DF8EBDA004052CA /* VoteViewController.swift in Sources */,
				9D2E31701DF2D1BF00121381 /* InterpreterProfileHeaderView.swift in Sources */,
				9D66C59B1DF92B1F004052CA /* InterpreterProfileHeaderView2.swift in Sources */,
				9D65D7591DF28F4100156AC5 /* MessagesListTableViewController.swift in Sources */,
				9DFE63811DEE637D00DA1139 /* SecondContestTableViewCell.swift in Sources */,
				9D66C59D1DF92BEE004052CA /* AnnotatedPhotoCell2.swift in Sources */,
				9DC3ED191DE0127F008A7895 /* TrackViewController.swift in Sources */,
				9D66C5971DF91905004052CA /* AnnotatedSubmissionCell.swift in Sources */,
				9D65D75B1DF2975000156AC5 /* ChatViewController.swift in Sources */,
				9DE3064D1DDE7A60008280D5 /* AppDelegate.swift in Sources */,
				9DA099C01DFAA86900F2CE62 /* TracklistTableViewController.swift in Sources */,
				9D425EDF1DF798F700211499 /* FirstUserContestCell.swift in Sources */,
				9D425EE31DF799F500211499 /* ThirdUserContestCell.swift in Sources */,
				9D425EE11DF7999400211499 /* SecondUserContestCell.swift in Sources */,
				9DFE637F1DEE60D000DA1139 /* FirstContestTableViewCell.swift in Sources */,
				9D7024071DEF00F400D06AB5 /* FirstSubmissionTableViewCell.swift in Sources */,
				9D2F62211DE31EBE00418809 /* VideoItem.swift in Sources */,
				9D384BF31DEF02A100E32A66 /* ThirdSubmissionTableViewCell.swift in Sources */,
				9D80C0741DF2D64500A2450E /* InterpreterProfileViewController.swift in Sources */,
				9D66C5991DF92A8A004052CA /* UserProfileViewController.swift in Sources */,
				9D80C07A1DF2EA4500A2450E /* PhotoStreamViewController.swift in Sources */,
				9DF9FED01DF101430091CAC2 /* TrackContestTableViewCell.swift in Sources */,
				9DFE63831DEE63B600DA1139 /* ThirdContestTableViewCell.swift in Sources */,
				9D7024011DEEF79900D06AB5 /* UserContestTableViewController.swift in Sources */,
				9D384BF11DEF027200E32A66 /* SecondSubmissionTableViewCell.swift in Sources */,
				9DE306611DDE7B13008280D5 /* EventsTableViewController.swift in Sources */,
				9D80C0821DF2EBCA00A2450E /* UIImage+Decompression.swift in Sources */,
				9D66C5931DF91521004052CA /* ContestHeaderView.swift in Sources */,
				9D7023FD1DEEF29E00D06AB5 /* UserEventsTableViewController.swift in Sources */,
				9D80C07E1DF2EA5200A2450E /* AnnotatedPhotoCell.swift in Sources */,
				9D2F622B1DE3DFCF00418809 /* LoginViewController.swift in Sources */,
				9DC04CCF1DF8C3D50011A465 /* VideoController.swift in Sources */,
				9DE3066B1DDE8583008280D5 /* Event.swift in Sources */,
				9DA099C21DFAA87500F2CE62 /* TrackTableViewCell.swift in Sources */,
				9DF9FED21DF143250091CAC2 /* Track.swift in Sources */,
				9D7024051DEEFEB400D06AB5 /* SubmissionTableViewController.swift in Sources */,
				9D425EE51DF7A16700211499 /* UserMessagesListTableViewController.swift in Sources */,
				9D66C57D1DF903F0004052CA /* FifthUserContestCell.swift in Sources */,
			);
			runOnlyForDeploymentPostprocessing = 0;
		};
/* End PBXSourcesBuildPhase section */

/* Begin PBXVariantGroup section */
		9DE306521DDE7A60008280D5 /* Main.storyboard */ = {
			isa = PBXVariantGroup;
			children = (
				9DE306531DDE7A60008280D5 /* Base */,
			);
			name = Main.storyboard;
			sourceTree = "<group>";
		};
		9DE306571DDE7A60008280D5 /* LaunchScreen.storyboard */ = {
			isa = PBXVariantGroup;
			children = (
				9DE306581DDE7A60008280D5 /* Base */,
			);
			name = LaunchScreen.storyboard;
			sourceTree = "<group>";
		};
/* End PBXVariantGroup section */

/* Begin XCBuildConfiguration section */
		9DE3065B1DDE7A60008280D5 /* Debug */ = {
			isa = XCBuildConfiguration;
			buildSettings = {
				ALWAYS_SEARCH_USER_PATHS = NO;
				CLANG_ANALYZER_NONNULL = YES;
				CLANG_CXX_LANGUAGE_STANDARD = "gnu++0x";
				CLANG_CXX_LIBRARY = "libc++";
				CLANG_ENABLE_MODULES = YES;
				CLANG_ENABLE_OBJC_ARC = YES;
				CLANG_WARN_BOOL_CONVERSION = YES;
				CLANG_WARN_CONSTANT_CONVERSION = YES;
				CLANG_WARN_DIRECT_OBJC_ISA_USAGE = YES_ERROR;
				CLANG_WARN_EMPTY_BODY = YES;
				CLANG_WARN_ENUM_CONVERSION = YES;
				CLANG_WARN_INT_CONVERSION = YES;
				CLANG_WARN_OBJC_ROOT_CLASS = YES_ERROR;
				CLANG_WARN_UNREACHABLE_CODE = YES;
				CLANG_WARN__DUPLICATE_METHOD_MATCH = YES;
				"CODE_SIGN_IDENTITY[sdk=iphoneos*]" = "iPhone Developer";
				COPY_PHASE_STRIP = NO;
				DEBUG_INFORMATION_FORMAT = dwarf;
				ENABLE_STRICT_OBJC_MSGSEND = YES;
				ENABLE_TESTABILITY = YES;
				GCC_C_LANGUAGE_STANDARD = gnu99;
				GCC_DYNAMIC_NO_PIC = NO;
				GCC_NO_COMMON_BLOCKS = YES;
				GCC_OPTIMIZATION_LEVEL = 0;
				GCC_PREPROCESSOR_DEFINITIONS = (
					"DEBUG=1",
					"$(inherited)",
				);
				GCC_WARN_64_TO_32_BIT_CONVERSION = YES;
				GCC_WARN_ABOUT_RETURN_TYPE = YES_ERROR;
				GCC_WARN_UNDECLARED_SELECTOR = YES;
				GCC_WARN_UNINITIALIZED_AUTOS = YES_AGGRESSIVE;
				GCC_WARN_UNUSED_FUNCTION = YES;
				GCC_WARN_UNUSED_VARIABLE = YES;
				IPHONEOS_DEPLOYMENT_TARGET = 9.3;
				MTL_ENABLE_DEBUG_INFO = YES;
				ONLY_ACTIVE_ARCH = YES;
				SDKROOT = iphoneos;
				SWIFT_OPTIMIZATION_LEVEL = "-Onone";
			};
			name = Debug;
		};
		9DE3065C1DDE7A60008280D5 /* Release */ = {
			isa = XCBuildConfiguration;
			buildSettings = {
				ALWAYS_SEARCH_USER_PATHS = NO;
				CLANG_ANALYZER_NONNULL = YES;
				CLANG_CXX_LANGUAGE_STANDARD = "gnu++0x";
				CLANG_CXX_LIBRARY = "libc++";
				CLANG_ENABLE_MODULES = YES;
				CLANG_ENABLE_OBJC_ARC = YES;
				CLANG_WARN_BOOL_CONVERSION = YES;
				CLANG_WARN_CONSTANT_CONVERSION = YES;
				CLANG_WARN_DIRECT_OBJC_ISA_USAGE = YES_ERROR;
				CLANG_WARN_EMPTY_BODY = YES;
				CLANG_WARN_ENUM_CONVERSION = YES;
				CLANG_WARN_INT_CONVERSION = YES;
				CLANG_WARN_OBJC_ROOT_CLASS = YES_ERROR;
				CLANG_WARN_UNREACHABLE_CODE = YES;
				CLANG_WARN__DUPLICATE_METHOD_MATCH = YES;
				"CODE_SIGN_IDENTITY[sdk=iphoneos*]" = "iPhone Developer";
				COPY_PHASE_STRIP = NO;
				DEBUG_INFORMATION_FORMAT = "dwarf-with-dsym";
				ENABLE_NS_ASSERTIONS = NO;
				ENABLE_STRICT_OBJC_MSGSEND = YES;
				GCC_C_LANGUAGE_STANDARD = gnu99;
				GCC_NO_COMMON_BLOCKS = YES;
				GCC_WARN_64_TO_32_BIT_CONVERSION = YES;
				GCC_WARN_ABOUT_RETURN_TYPE = YES_ERROR;
				GCC_WARN_UNDECLARED_SELECTOR = YES;
				GCC_WARN_UNINITIALIZED_AUTOS = YES_AGGRESSIVE;
				GCC_WARN_UNUSED_FUNCTION = YES;
				GCC_WARN_UNUSED_VARIABLE = YES;
				IPHONEOS_DEPLOYMENT_TARGET = 9.3;
				MTL_ENABLE_DEBUG_INFO = NO;
				SDKROOT = iphoneos;
				VALIDATE_PRODUCT = YES;
			};
			name = Release;
		};
		9DE3065E1DDE7A60008280D5 /* Debug */ = {
			isa = XCBuildConfiguration;
			baseConfigurationReference = 64F0984E25E5C8E9C69F884D /* Pods-Sign Along.debug.xcconfig */;
			buildSettings = {
				ASSETCATALOG_COMPILER_APPICON_NAME = AppIcon;
				CODE_SIGN_IDENTITY = "iPhone Developer";
				"CODE_SIGN_IDENTITY[sdk=iphoneos*]" = "iPhone Developer";
				FRAMEWORK_SEARCH_PATHS = "$(inherited)";
				INFOPLIST_FILE = "Sign Along/Info.plist";
				IPHONEOS_DEPLOYMENT_TARGET = 9.0;
				LD_RUNPATH_SEARCH_PATHS = "$(inherited) @executable_path/Frameworks";
				OTHER_LDFLAGS = "$(inherited)";
				PRODUCT_BUNDLE_IDENTIFIER = "edu.stanford.cs147.mxiao26.Sign-Along";
				PRODUCT_NAME = "$(TARGET_NAME)";
				PROVISIONING_PROFILE = "";
			};
			name = Debug;
		};
		9DE3065F1DDE7A60008280D5 /* Release */ = {
			isa = XCBuildConfiguration;
			baseConfigurationReference = 322DB32CA7021EE16C10009D /* Pods-Sign Along.release.xcconfig */;
			buildSettings = {
				ASSETCATALOG_COMPILER_APPICON_NAME = AppIcon;
				CODE_SIGN_IDENTITY = "iPhone Developer";
				"CODE_SIGN_IDENTITY[sdk=iphoneos*]" = "iPhone Developer";
				FRAMEWORK_SEARCH_PATHS = "$(inherited)";
				"FRAMEWORK_SEARCH_PATHS[arch=*]" = "";
				INFOPLIST_FILE = "Sign Along/Info.plist";
				IPHONEOS_DEPLOYMENT_TARGET = 9.0;
				LD_RUNPATH_SEARCH_PATHS = "$(inherited) @executable_path/Frameworks";
				OTHER_LDFLAGS = "$(inherited)";
				PRODUCT_BUNDLE_IDENTIFIER = "edu.stanford.cs147.mxiao26.Sign-Along";
				PRODUCT_NAME = "$(TARGET_NAME)";
				PROVISIONING_PROFILE = "";
			};
			name = Release;
		};
/* End XCBuildConfiguration section */

/* Begin XCConfigurationList section */
		9DE306441DDE7A60008280D5 /* Build configuration list for PBXProject "Sign Along" */ = {
			isa = XCConfigurationList;
			buildConfigurations = (
				9DE3065B1DDE7A60008280D5 /* Debug */,
				9DE3065C1DDE7A60008280D5 /* Release */,
			);
			defaultConfigurationIsVisible = 0;
			defaultConfigurationName = Release;
		};
		9DE3065D1DDE7A60008280D5 /* Build configuration list for PBXNativeTarget "Sign Along" */ = {
			isa = XCConfigurationList;
			buildConfigurations = (
				9DE3065E1DDE7A60008280D5 /* Debug */,
				9DE3065F1DDE7A60008280D5 /* Release */,
			);
			defaultConfigurationIsVisible = 0;
			defaultConfigurationName = Release;
		};
/* End XCConfigurationList section */
	};
	rootObject = 9DE306411DDE7A60008280D5 /* Project object */;
}
